# THIS IS AN AUTOGENERATED FILE. DO NOT EDIT THIS FILE DIRECTLY.
# yarn lockfile v1


"@babel/runtime@^7.10.5", "@babel/runtime@^7.22.5":
  version "7.26.0"
  resolved "https://registry.npmjs.org/@babel/runtime/-/runtime-7.26.0.tgz#8600c2f595f277c60815256418b85356a65173c1"
  integrity sha512-FDSOghenHTiToteC/QRlv2q3DhPZ/oOXTBoirfWNx1Cx3TMVcGWQtMMmQcSvb/JjpNeGzx8Pq/b4fKEJuWm1sw==
  dependencies:
    regenerator-runtime "^0.14.0"

"@isaacs/cliui@^8.0.2":
  version "8.0.2"
  resolved "https://registry.npmjs.org/@isaacs/cliui/-/cliui-8.0.2.tgz#b37667b7bc181c168782259bab42474fbf52b550"
  integrity sha512-O8jcjabXaleOG9DQ0+ARXWZBTfnP4WNAqzuiJK7ll44AmxGKv/J2M4TPjxjY3znBCfvBXFzucm1twdyFybFqEA==
  dependencies:
    string-width "^5.1.2"
    string-width-cjs "npm:string-width@^4.2.0"
    strip-ansi "^7.0.1"
    strip-ansi-cjs "npm:strip-ansi@^6.0.1"
    wrap-ansi "^8.1.0"
    wrap-ansi-cjs "npm:wrap-ansi@^7.0.0"

"@pkgjs/parseargs@^0.11.0":
  version "0.11.0"
  resolved "https://registry.npmjs.org/@pkgjs/parseargs/-/parseargs-0.11.0.tgz#a77ea742fab25775145434eb1d2328cf5013ac33"
  integrity sha512-+1VkjdD0QBLPodGrJUeqarH8VAIvQODIbwh9XpP5Syisf7YoQgsJKPNFoqqLQlu+VQ/tVSshMR6loPMn8U+dPg==

"@visa/alluvial-diagram@^4.0.0":
  version "4.0.0"
  resolved "https://registry.npmjs.org/@visa/alluvial-diagram/-/alluvial-diagram-4.0.0.tgz#f06c321b2a2a17fb321e6e0f28f7454419291fd1"
  integrity sha512-YRfsoR6ocDrfDpc4lgSc+RoGQMww7f18qwZUGjsfevxclHSlAXw67L0S/K0yAWn85aFFYl2VZUhFENW6h6+rhA==
  dependencies:
    "@visa/charts-types" "^0.6.4"
    "@visa/keyboard-instructions" "^2.0.0"
    "@visa/visa-charts-data-table" "^3.0.0"
    "@visa/visa-charts-utils" "^5.4.0"
    d3-array "^3.2.4"
    d3-scale "^2.2.2"
    d3-selection "^1.4.2"
    d3-shape "^1.3.7"
    d3-transition "1.1.3"
    uuid "8.3.2"

"@visa/bar-chart@^7.0.0":
  version "7.0.0"
  resolved "https://registry.npmjs.org/@visa/bar-chart/-/bar-chart-7.0.0.tgz#d90a46aade8c0bbe9e36753eb986983210e46603"
  integrity sha512-YirtmJYGkgtDak1NRLLzN5/4QyvBssXSttQOLjOTemO/DFMnKCbVRcFhhqo1A37ld8yMVKvd/l/CT+Fe+ubXOw==
  dependencies:
    "@visa/charts-types" "^0.6.4"
    "@visa/keyboard-instructions" "^2.0.0"
    "@visa/visa-charts-data-table" "^3.0.0"
    "@visa/visa-charts-utils" "^5.4.0"
    d3-array "^3.2.4"
    d3-scale "^2.2.2"
    d3-selection "^1.4.2"
    d3-transition "1.1.3"
    uuid "8.3.2"

"@visa/charts-types@^0.6.4":
  version "0.6.4"
  resolved "https://registry.npmjs.org/@visa/charts-types/-/charts-types-0.6.4.tgz#1861bd842b9666f0d49860f80009d4e1e6f6c7fb"
  integrity sha512-7zjDfHgc8LkDptc1BSL8vRIElKpxA0qxspeEiEbOlgdPt1zji3ihhdak/qemnQDP563B6tVH8aQ4EL9ls/2pgg==

"@visa/circle-packing@^8.0.0":
  version "8.0.0"
  resolved "https://registry.npmjs.org/@visa/circle-packing/-/circle-packing-8.0.0.tgz#fb6110583cbdb2fe6da1dff464982c2bbe460ddb"
  integrity sha512-P1icay3L8LITuPZgvhOSED+25FRuQi1CAwipZ/lIAp/H9LuBUnop6r2w6HHm/5Or6DgbQU3P8+DaQr9+VXkjxw==
  dependencies:
    "@visa/charts-types" "^0.6.4"
    "@visa/keyboard-instructions" "^2.0.0"
    "@visa/visa-charts-data-table" "^3.0.0"
    "@visa/visa-charts-utils" "^5.4.0"
    d3-array "^3.2.4"
    d3-hierarchy "^1.1.9"
    d3-scale "^2.2.2"
    d3-selection "^1.4.2"
    d3-transition "1.1.3"
    uuid "8.3.2"

"@visa/clustered-bar-chart@^7.0.0":
  version "7.0.0"
  resolved "https://registry.npmjs.org/@visa/clustered-bar-chart/-/clustered-bar-chart-7.0.0.tgz#55da0fc6287063809d5fc82176fc79ee1278b9b9"
  integrity sha512-OO+G0g7g2cCb1Wb69Zo4GZzORlV+m4qJYxTTsjgNtF+V+vLZvdYk8aSpa08SStpLWdAKkuVq1Rc011PHopiSvA==
  dependencies:
    "@visa/charts-types" "^0.6.4"
    "@visa/keyboard-instructions" "^2.0.0"
    "@visa/visa-charts-data-table" "^3.0.0"
    "@visa/visa-charts-utils" "^5.4.0"
    d3-array "^3.2.4"
    d3-collection "^1.0.7"
    d3-scale "^2.2.2"
    d3-selection "^1.4.2"
    d3-transition "1.1.3"
    uuid "8.3.2"

"@visa/dumbbell-plot@^8.0.0":
  version "8.0.0"
  resolved "https://registry.npmjs.org/@visa/dumbbell-plot/-/dumbbell-plot-8.0.0.tgz#751f6debc0311eedd4233c3f9f447e79517a43da"
  integrity sha512-3PhCI27y8aS7agBI1iThs1rfCxb0fDESITD28BI1WSY2bMNAXwNzvm0mHcWaMT8cNZwvknMdqygK9D8GSWsQnQ==
  dependencies:
    "@visa/charts-types" "^0.6.4"
    "@visa/keyboard-instructions" "^2.0.0"
    "@visa/visa-charts-data-table" "^3.0.0"
    "@visa/visa-charts-utils" "^5.4.0"
    d3-array "^3.2.4"
    d3-scale "^2.2.2"
    d3-selection "^1.4.2"
    d3-transition "1.1.3"
    uuid "8.3.2"

"@visa/heat-map@^7.0.0":
  version "7.0.0"
  resolved "https://registry.npmjs.org/@visa/heat-map/-/heat-map-7.0.0.tgz#b0a0fc3bbef47cab1ce239832e72f89bf8f99f2d"
  integrity sha512-Q4yVdGR8hRLqQN4EgaOaC80YBbK0nPbWP2XMyoeqDSmOPvRjTibsezvC4lD/B7mYVoNlUE1WuEVnCiIy61FkFQ==
  dependencies:
    "@visa/charts-types" "^0.6.4"
    "@visa/keyboard-instructions" "^2.0.0"
    "@visa/visa-charts-data-table" "^3.0.0"
    "@visa/visa-charts-utils" "^5.4.0"
    d3-array "^3.2.4"
    d3-scale "^2.2.2"
    d3-selection "^1.4.2"
    d3-transition "1.1.3"
    uuid "8.3.2"

"@visa/keyboard-instructions@^2.0.0":
  version "2.0.0"
  resolved "https://registry.npmjs.org/@visa/keyboard-instructions/-/keyboard-instructions-2.0.0.tgz#95750310532cf11ace3d52d283fd646ba1dd95c4"
  integrity sha512-8BqCKV3Xl9KhhIx1ixojlWaNtGDrD5+gBadSYjoUYH90hfPL6ie09ZtL/asSYW/YIVb7GOujlDK1Ptnl9Cv9+w==
  dependencies:
    "@visa/visa-charts-utils" "^5.4.0"

"@visa/line-chart@^7.0.0":
  version "7.0.0"
  resolved "https://registry.npmjs.org/@visa/line-chart/-/line-chart-7.0.0.tgz#1a309b58699bccd0a32dbed0ab2c45fa34cf3361"
  integrity sha512-0zLG1qVg8Es4CEmw+tgQFw+QcHuH/C6kNKymXob50EutZzg5omJ7sh78aDUcTS81p+kBxruAD18ANNPy2EjlPw==
  dependencies:
    "@visa/charts-types" "^0.6.4"
    "@visa/keyboard-instructions" "^2.0.0"
    "@visa/visa-charts-data-table" "^3.0.0"
    "@visa/visa-charts-utils" "^5.4.0"
    d3-array "^3.2.4"
    d3-collection "^1.0.7"
    d3-scale "^2.2.2"
    d3-selection "^1.4.2"
    d3-shape "^1.3.7"
    d3-time "^1.1.0"
    d3-time-format "^2.3.0"
    d3-transition "1.1.3"
    uuid "8.3.2"

"@visa/parallel-plot@^7.0.0":
  version "7.0.0"
  resolved "https://registry.npmjs.org/@visa/parallel-plot/-/parallel-plot-7.0.0.tgz#d14b7ffcb014006a9cbe9323f1a286684b6160e6"
  integrity sha512-Szmsi4BjEaDZGIDSxJ8FEnjua0azew07sq+/MfDAxvrLXjzjILV0V0ahkkIKci0JgJ7ilmbZh81QfEJVFWNRCA==
  dependencies:
    "@visa/charts-types" "^0.6.4"
    "@visa/keyboard-instructions" "^2.0.0"
    "@visa/visa-charts-data-table" "^3.0.0"
    "@visa/visa-charts-utils" "^5.4.0"
    d3-array "^3.2.4"
    d3-collection "^1.0.7"
    d3-scale "^2.2.2"
    d3-selection "^1.4.2"
    d3-shape "^3.2.0"
    d3-time "^1.1.0"
    d3-transition "1.1.3"
    uuid "8.3.2"

"@visa/pie-chart@^7.0.0":
  version "7.0.0"
  resolved "https://registry.npmjs.org/@visa/pie-chart/-/pie-chart-7.0.0.tgz#29e92fbe7e0d6e2c06c588e4fb435e8b94ca2a3a"
  integrity sha512-DsfSYcL/uPm3i5n+HKrOPKaR+9zyXxHja4bxlRooEJxpZD4Nv7p8QlYBqQCcrWmHBSHUH5i0GhFFaPkY7kkVMA==
  dependencies:
    "@visa/charts-types" "^0.6.4"
    "@visa/keyboard-instructions" "^2.0.0"
    "@visa/visa-charts-data-table" "^3.0.0"
    "@visa/visa-charts-utils" "^5.4.0"
    d3-array "^3.2.4"
    d3-selection "^1.4.2"
    d3-shape "^1.3.7"
    d3-transition "1.1.3"
    uuid "8.3.2"

"@visa/scatter-plot@^8.0.0":
  version "8.0.0"
  resolved "https://registry.npmjs.org/@visa/scatter-plot/-/scatter-plot-8.0.0.tgz#187b3ddf55d6149a47f39d7de65fd05eb0353d49"
  integrity sha512-LYJtaHowO1SfEtIe2YpujskwvMieM5Y6mWq/rB8QSzWBrJCOaQymWS6Z6z6Lu0LHPv04qdHtA8XJvtIatCGfCg==
  dependencies:
    "@visa/charts-types" "^0.6.4"
    "@visa/keyboard-instructions" "^2.0.0"
    "@visa/visa-charts-data-table" "^3.0.0"
    "@visa/visa-charts-utils" "^5.4.0"
    d3-array "^3.2.4"
    d3-collection "^1.0.7"
    d3-scale "^2.2.2"
    d3-selection "^1.4.2"
    d3-transition "1.1.3"
    uuid "8.3.2"

"@visa/stacked-bar-chart@^7.0.0":
  version "7.0.0"
  resolved "https://registry.npmjs.org/@visa/stacked-bar-chart/-/stacked-bar-chart-7.0.0.tgz#21a7359801f44ddb725766e500c2933a6bdab03d"
  integrity sha512-DxwatqJFNQQkJAjAitFw/okWUrT0glL0CJVktTZwh2/1VXdd4R/fX0NDvZIOyuK5P0iX42d4Raa1cRg09/jw8w==
  dependencies:
    "@visa/charts-types" "^0.6.4"
    "@visa/keyboard-instructions" "^2.0.0"
    "@visa/visa-charts-data-table" "^3.0.0"
    "@visa/visa-charts-utils" "^5.4.0"
    d3-array "^3.2.4"
    d3-collection "^1.0.7"
    d3-scale "^2.2.2"
    d3-selection "^1.4.2"
    d3-transition "1.1.3"
    uuid "8.3.2"

"@visa/visa-charts-data-table@^3.0.0":
  version "3.0.0"
  resolved "https://registry.npmjs.org/@visa/visa-charts-data-table/-/visa-charts-data-table-3.0.0.tgz#04433e068100108b0317d8bd2420506c25c85cf2"
  integrity sha512-kjX/yxrDP4a82s3A1UrHjHSFfDG4Mfi3hTuf1+U5qL63y0Z7iePw93Ysy7+ZiJVEtbB375fvJRhWtQ3o9GSFbQ==
  dependencies:
    "@visa/charts-types" "^0.6.4"
    "@visa/visa-charts-utils" "^5.4.0"
    d3-selection "^1.4.2"

"@visa/visa-charts-utils@^5.4.0":
  version "5.4.0"
  resolved "https://registry.npmjs.org/@visa/visa-charts-utils/-/visa-charts-utils-5.4.0.tgz#f8435300cdaaf0484ec7caa7d1a74e428032fff9"
  integrity sha512-m74MMV/ePQPMjW2ytvEl1F/pMF5T/1DmnzjHv7sfHCUHVzJEiYE0IrXmbG7uEOSZ4sva22uNvBoKX04UKo9c+g==
  dependencies:
    d3 "^4.13.0"
    d3-axis "^1.0.12"
    d3-color "^3.1.0"
    d3-ease "^1.0.7"
    d3-format "^1.4.5"
    d3-scale "^2.2.2"
    d3-selection "^1.4.2"
    d3-shape "^1.3.7"
    d3-svg-annotation "^2.5.1"
    d3-time-format "^2.3.0"
    d3-transition "1.1.3"
    deep-keys "^0.5.0"
    i18next "23.5.1"
    vega-canvas "1.2.6"
    yup "^0.30.0"

"@visa/world-map@^7.0.0":
  version "7.0.0"
  resolved "https://registry.npmjs.org/@visa/world-map/-/world-map-7.0.0.tgz#fb90dcfd1f3fb8e317765de9a0a4dc9113e31db9"
  integrity sha512-eaSx0mVHjMm3N3+aX7Ypx4iEDlOaSUHBbbgY+2DuKTVBiwSEN8dHHGShlZ3BvJAk2rNugAJAjU3Fp+CtzF+gmw==
  dependencies:
    "@visa/charts-types" "^0.6.4"
    "@visa/keyboard-instructions" "^2.0.0"
    "@visa/visa-charts-data-table" "^3.0.0"
    "@visa/visa-charts-utils" "^5.4.0"
    d3-array "^3.2.4"
    d3-collection "^1.0.7"
    d3-color "^3.1.0"
    d3-geo "^1.12.1"
    d3-geo-projection "2.9.0"
    d3-scale "^2.2.2"
    d3-selection "^1.4.2"
    d3-transition "1.1.3"
    topojson-client "3.1.0"
    uuid "8.3.2"

ansi-regex@^5.0.1:
  version "5.0.1"
  resolved "https://registry.npmjs.org/ansi-regex/-/ansi-regex-5.0.1.tgz#082cb2c89c9fe8659a311a53bd6a4dc5301db304"
  integrity sha512-quJQXlTSUGL2LH9SUXo8VwsY4soanhgo6LNSm84E1LBcE8s3O0wpdiRzyR9z/ZZJMlMWv37qOOb9pdJlMUEKFQ==

ansi-regex@^6.0.1:
  version "6.1.0"
  resolved "https://registry.npmjs.org/ansi-regex/-/ansi-regex-6.1.0.tgz#95ec409c69619d6cb1b8b34f14b660ef28ebd654"
  integrity sha512-7HSX4QQb4CspciLpVFwyRe79O3xsIZDDLER21kERQ71oaPodF8jL725AgJMFAYbooIqolJoRLuM81SpeUkpkvA==

ansi-styles@^4.0.0:
  version "4.3.0"
  resolved "https://registry.npmjs.org/ansi-styles/-/ansi-styles-4.3.0.tgz#edd803628ae71c04c85ae7a0906edad34b648937"
  integrity sha512-zbB9rCJAT1rbjiVDb2hqKFHNYLxgtk8NURxZ3IZwD3F6NtxbXZQCnnSi1Lkx+IDohdPlFp222wVALIheZJQSEg==
  dependencies:
    color-convert "^2.0.1"

ansi-styles@^6.1.0:
  version "6.2.1"
  resolved "https://registry.npmjs.org/ansi-styles/-/ansi-styles-6.2.1.tgz#0e62320cf99c21afff3b3012192546aacbfb05c5"
  integrity sha512-bN798gFfQX+viw3R7yrGWRqnrN2oRkEkUjjl4JNn4E8GxxbjtG3FbrEIIY3l8/hrwUwIeCZvi4QuOTP4MErVug==

balanced-match@^1.0.0:
  version "1.0.2"
  resolved "https://registry.npmjs.org/balanced-match/-/balanced-match-1.0.2.tgz#e83e3a7e3f300b34cb9d87f615fa0cbf357690ee"
  integrity sha512-3oSeUO0TMV67hN1AmbXsK4yaqU7tjiHlbxRDZOpH0KW9+CeX4bRAaX0Anxt0tx2MrpRpWwQaPwIlISEJhYU5Pw==

brace-expansion@^2.0.1:
  version "2.0.1"
  resolved "https://registry.npmjs.org/brace-expansion/-/brace-expansion-2.0.1.tgz#1edc459e0f0c548486ecf9fc99f2221364b9a0ae"
  integrity sha512-XnAIvQ8eM+kC6aULx6wuQiwVsnzsi9d3WxzV3FpWTGA19F621kwdbsAcFKXgKUHZWsy+mY6iL1sHTxWEFCytDA==
  dependencies:
    balanced-match "^1.0.0"

chalk@^5.3.0:
  version "5.3.0"
  resolved "https://registry.npmjs.org/chalk/-/chalk-5.3.0.tgz#67c20a7ebef70e7f3970a01f90fa210cb6860385"
  integrity sha512-dLitG79d+GV1Nb/VYcCDFivJeK1hiukt9QjRNVOsUtTy1rR1YJsmpGGTZ3qJos+uw7WmWF4wUwBd9jxjocFC2w==

cliui@^8.0.1:
  version "8.0.1"
  resolved "https://registry.npmjs.org/cliui/-/cliui-8.0.1.tgz#0c04b075db02cbfe60dc8e6cf2f5486b1a3608aa"
  integrity sha512-BSeNnyus75C4//NQ9gQt1/csTXyo/8Sb+afLAkzAptFuMsod9HFokGNudZpi/oQV73hnVK+sR+5PVRMd+Dr7YQ==
  dependencies:
    string-width "^4.2.0"
    strip-ansi "^6.0.1"
    wrap-ansi "^7.0.0"

color-convert@^2.0.1:
  version "2.0.1"
  resolved "https://registry.npmjs.org/color-convert/-/color-convert-2.0.1.tgz#72d3a68d598c9bdb3af2ad1e84f21d896abd4de3"
  integrity sha512-RRECPsj7iu/xb5oKYcsFHSppFNnsj/52OVTRKb4zP5onXwVF3zVmmToNcOfGC+CRDpfK/U584fMg38ZHCaElKQ==
  dependencies:
    color-name "~1.1.4"

color-name@~1.1.4:
  version "1.1.4"
  resolved "https://registry.npmjs.org/color-name/-/color-name-1.1.4.tgz#c2a09a87acbde69543de6f63fa3995c826c536a2"
  integrity sha512-dOy+3AuW3a2wNbZHIuMZpTcgjGuLU/uBL/ubcZF9OXbDo8ff4O8yVp5Bf0efS8uEoYo5q4Fx7dY9OgQGXgAsQA==

commander@2:
  version "2.20.3"
  resolved "https://registry.npmjs.org/commander/-/commander-2.20.3.tgz#fd485e84c03eb4881c20722ba48035e8531aeb33"
  integrity sha512-GpVkmM8vF2vQUkj2LvZmD35JxeJOLCwJ9cUkugyk2nuhbv3+mJvpLYYt+0+USMxE+oj+ey/lJEnhZw75x/OMcQ==

cross-spawn@^7.0.0:
  version "7.0.3"
  resolved "https://registry.npmjs.org/cross-spawn/-/cross-spawn-7.0.3.tgz#f73a85b9d5d41d045551c177e2882d4ac85728a6"
  integrity sha512-iRDPJKUPVEND7dHPO8rkbOnPpyDygcDFtWjpeWNCgy8WP2rXcxXL8TskReQl6OrB2G7+UJrags1q15Fudc7G6w==
  dependencies:
    path-key "^3.1.0"
    shebang-command "^2.0.0"
    which "^2.0.1"

d3-array@1, d3-array@1.2.1, d3-array@^1.2.0, d3-array@^3.2.4:
  version "3.2.4"
  resolved "https://registry.npmjs.org/d3-array/-/d3-array-3.2.4.tgz#15fec33b237f97ac5d7c986dc77da273a8ed0bb5"
  integrity sha512-tdQAmyA18i4J7wprpYq8ClcxZy3SC31QMeByyCFyRt7BVHdREQZ5lpzoe5mFEYZUWe+oq8HBvk9JjpibyEV4Jg==
  dependencies:
    internmap "1 - 2"

d3-axis@1.0.8:
  version "1.0.8"
  resolved "https://registry.npmjs.org/d3-axis/-/d3-axis-1.0.8.tgz#31a705a0b535e65759de14173a31933137f18efa"
  integrity sha512-K0djTb26iQ6AsuD2d6Ka08wBHf4V30awIxV4XFuB/iLzYtTqqJlE/nIN0DBJJCX7lbOqbt2/oeX3r+sU5k2veg==

d3-axis@^1.0.12:
  version "1.0.12"
  resolved "https://registry.npmjs.org/d3-axis/-/d3-axis-1.0.12.tgz#cdf20ba210cfbb43795af33756886fb3638daac9"
  integrity sha512-ejINPfPSNdGFKEOAtnBtdkpr24c4d4jsei6Lg98mxf424ivoDP2956/5HDpIAtmHo85lqT4pruy+zEgvRUBqaQ==

d3-brush@1.0.4:
  version "1.0.4"
  resolved "https://registry.npmjs.org/d3-brush/-/d3-brush-1.0.4.tgz#00c2f238019f24f6c0a194a26d41a1530ffe7bc4"
  integrity sha512-nUFueDzOlvwFvuOBynGSyJM7Wt1H9fKgJeoWFSg3ScS4c7FJBch92FKUJKum4xtgPYHdgH2C3bRg3GzSVltCJQ==
  dependencies:
    d3-dispatch "1"
    d3-drag "1"
    d3-interpolate "1"
    d3-selection "1"
    d3-transition "1"

d3-chord@1.0.4:
  version "1.0.4"
  resolved "https://registry.npmjs.org/d3-chord/-/d3-chord-1.0.4.tgz#7dec4f0ba886f713fe111c45f763414f6f74ca2c"
  integrity sha512-o0ExexkK1N0KikUakKrQwttP5Flu8AYD6iBUh3AdPJqnTh6xlvcX5wFRuuo29sLOAr9+T4yZPUH1S3CCQJ1SlQ==
  dependencies:
    d3-array "1"
    d3-path "1"

d3-collection@1, d3-collection@^1.0.7:
  version "1.0.7"
  resolved "https://registry.npmjs.org/d3-collection/-/d3-collection-1.0.7.tgz#349bd2aa9977db071091c13144d5e4f16b5b310e"
  integrity sha512-ii0/r5f4sjKNTfh84Di+DpztYwqKhEyUlKoPrzUFfeSkWxjW49xU2QzO9qrPrNkpdI0XJkfzvmTu8V2Zylln6A==

d3-collection@1.0.4:
  version "1.0.4"
  resolved "https://registry.npmjs.org/d3-collection/-/d3-collection-1.0.4.tgz#342dfd12837c90974f33f1cc0a785aea570dcdc2"
  integrity sha512-+TPxaBFzbzfpLF3Hjz8JPeuStNmJnyWAufu8VUfpDCDn5RieIgY+OQDjhKMDorf2naLgAjjZXLUQN7XFp/kgog==

d3-color@1, d3-color@1.0.3, d3-color@^3.1.0:
  version "3.1.0"
  resolved "https://registry.npmjs.org/d3-color/-/d3-color-3.1.0.tgz#395b2833dfac71507f12ac2f7af23bf819de24e2"
  integrity sha512-zg/chbXyeBtMQ1LbD/WSoW2DpC3I0mpmPdW+ynRTj/x2DAWYrIY7qeZIHidozwV24m4iavr15lNwIwLxRmOxhA==

d3-dispatch@1:
  version "1.0.6"
  resolved "https://registry.npmjs.org/d3-dispatch/-/d3-dispatch-1.0.6.tgz#00d37bcee4dd8cd97729dd893a0ac29caaba5d58"
  integrity sha512-fVjoElzjhCEy+Hbn8KygnmMS7Or0a9sI2UzGwoB7cCtvI1XpVN9GpoYlnb3xt2YV66oXYb1fLJ8GMvP4hdU1RA==

d3-dispatch@1.0.2:
  version "1.0.2"
  resolved "https://registry.npmjs.org/d3-dispatch/-/d3-dispatch-1.0.2.tgz#5b511e79a46a1f89492841c0a8f656687d5daa0a"
  integrity sha512-Kr/bYOYhM/6g7V8BWuEpWA7OvoieYQxo98863SRRGZjSFjveJxl8KUlyA0d5uf02Ox+rmOzE/3zomhKfNk/ZDQ==

d3-dispatch@1.0.3:
  version "1.0.3"
  resolved "https://registry.npmjs.org/d3-dispatch/-/d3-dispatch-1.0.3.tgz#46e1491eaa9b58c358fce5be4e8bed626e7871f8"
  integrity sha512-Qh2DR3neW3lq/ug4oymXHYoIsA91nYt47ERb+fPKjRg6zLij06aP7KqHHl2NyziK9ASxrR3GLkHCtZvXe/jMVg==

d3-drag@1:
  version "1.2.5"
  resolved "https://registry.npmjs.org/d3-drag/-/d3-drag-1.2.5.tgz#2537f451acd39d31406677b7dc77c82f7d988f70"
  integrity sha512-rD1ohlkKQwMZYkQlYVCrSFxsWPzI97+W+PaEIBNTMxRuxz9RF0Hi5nJWHGVJ3Om9d2fRTe1yOBINJyy/ahV95w==
  dependencies:
    d3-dispatch "1"
    d3-selection "1"

d3-drag@1.2.1:
  version "1.2.1"
  resolved "https://registry.npmjs.org/d3-drag/-/d3-drag-1.2.1.tgz#df8dd4c502fb490fc7462046a8ad98a5c479282d"
  integrity sha512-Cg8/K2rTtzxzrb0fmnYOUeZHvwa4PHzwXOLZZPwtEs2SKLLKLXeYwZKBB+DlOxUvFmarOnmt//cU4+3US2lyyQ==
  dependencies:
    d3-dispatch "1"
    d3-selection "1"

d3-drag@1.2.3:
  version "1.2.3"
  resolved "https://registry.npmjs.org/d3-drag/-/d3-drag-1.2.3.tgz#46e206ad863ec465d88c588098a1df444cd33c64"
  integrity sha512-8S3HWCAg+ilzjJsNtWW1Mutl74Nmzhb9yU6igspilaJzeZVFktmY6oO9xOh5TDk+BM2KrNFjttZNoJJmDnkjkg==
  dependencies:
    d3-dispatch "1"
    d3-selection "1"

d3-dsv@1:
  version "1.2.0"
  resolved "https://registry.npmjs.org/d3-dsv/-/d3-dsv-1.2.0.tgz#9d5f75c3a5f8abd611f74d3f5847b0d4338b885c"
  integrity sha512-9yVlqvZcSOMhCYzniHE7EVUws7Fa1zgw+/EAV2BxJoG3ME19V6BQFBwI855XQDsxyOuG7NibqRMTtiF/Qup46g==
  dependencies:
    commander "2"
    iconv-lite "0.4"
    rw "1"

d3-dsv@1.0.8:
  version "1.0.8"
  resolved "https://registry.npmjs.org/d3-dsv/-/d3-dsv-1.0.8.tgz#907e240d57b386618dc56468bacfe76bf19764ae"
  integrity sha512-IVCJpQ+YGe3qu6odkPQI0KPqfxkhbP/oM1XhhE/DFiYmcXKfCRub4KXyiuehV1d4drjWVXHUWx4gHqhdZb6n/A==
  dependencies:
    commander "2"
    iconv-lite "0.4"
    rw "1"

d3-ease@1, d3-ease@^1.0.7:
  version "1.0.7"
  resolved "https://registry.npmjs.org/d3-ease/-/d3-ease-1.0.7.tgz#9a834890ef8b8ae8c558b2fe55bd57f5993b85e2"
  integrity sha512-lx14ZPYkhNx0s/2HX5sLFUI3mbasHjSSpwO/KaaNACweVwxUruKyWVcb293wMv1RqTPZyZ8kSZ2NogUZNcLOFQ==

d3-ease@1.0.3:
  version "1.0.3"
  resolved "https://registry.npmjs.org/d3-ease/-/d3-ease-1.0.3.tgz#68bfbc349338a380c44d8acc4fbc3304aa2d8c0e"
  integrity sha512-io3QwOJwVPAxRF2UXpKpCdz2wm/7VLFCQQ1yy+GzX6YCtt3vi2BGnimI8agSF5jyUrHsADyF303d2S+ps7zU8w==

d3-force@1.1.0:
  version "1.1.0"
  resolved "https://registry.npmjs.org/d3-force/-/d3-force-1.1.0.tgz#cebf3c694f1078fcc3d4daf8e567b2fbd70d4ea3"
  integrity sha512-2HVQz3/VCQs0QeRNZTYb7GxoUCeb6bOzMp/cGcLa87awY9ZsPvXOGeZm0iaGBjXic6I1ysKwMn+g+5jSAdzwcg==
  dependencies:
    d3-collection "1"
    d3-dispatch "1"
    d3-quadtree "1"
    d3-timer "1"

d3-format@1, d3-format@^1.4.5:
  version "1.4.5"
  resolved "https://registry.npmjs.org/d3-format/-/d3-format-1.4.5.tgz#374f2ba1320e3717eb74a9356c67daee17a7edb4"
  integrity sha512-J0piedu6Z8iB6TbIGfZgDzfXxUFN3qQRMofy2oPdXzQibYGqPB/9iMcxr/TGalU+2RsyDO+U4f33id8tbnSRMQ==

d3-format@1.2.2:
  version "1.2.2"
  resolved "https://registry.npmjs.org/d3-format/-/d3-format-1.2.2.tgz#1a39c479c8a57fe5051b2e67a3bee27061a74e7a"
  integrity sha512-zH9CfF/3C8zUI47nsiKfD0+AGDEuM8LwBIP7pBVpyR4l/sKkZqITmMtxRp04rwBrlshIZ17XeFAaovN3++wzkw==

d3-geo-projection@2.9.0:
  version "2.9.0"
  resolved "https://registry.npmjs.org/d3-geo-projection/-/d3-geo-projection-2.9.0.tgz#826db62f748e8ecd67cd00aced4c26a236ec030c"
  integrity sha512-ZULvK/zBn87of5rWAfFMc9mJOipeSo57O+BBitsKIXmU4rTVAnX1kSsJkE0R+TxY8pGNoM1nbyRRE7GYHhdOEQ==
  dependencies:
    commander "2"
    d3-array "1"
    d3-geo "^1.12.0"
    resolve "^1.1.10"

d3-geo@1.9.1:
  version "1.9.1"
  resolved "https://registry.npmjs.org/d3-geo/-/d3-geo-1.9.1.tgz#157e3b0f917379d0f73bebfff3be537f49fa7356"
  integrity sha512-l9wL/cEQkyZQYXw3xbmLsH3eQ5ij+icNfo4r0GrLa5rOCZR/e/3am45IQ0FvQ5uMsv+77zBRunLc9ufTWSQYFA==
  dependencies:
    d3-array "1"

d3-geo@^1.12.0, d3-geo@^1.12.1:
  version "1.12.1"
  resolved "https://registry.npmjs.org/d3-geo/-/d3-geo-1.12.1.tgz#7fc2ab7414b72e59fbcbd603e80d9adc029b035f"
  integrity sha512-XG4d1c/UJSEX9NfU02KwBL6BYPj8YKHxgBEw5om2ZnTRSbIcego6dhHwcxuSR3clxh0EpE38os1DVPOmnYtTPg==
  dependencies:
    d3-array "1"

d3-hierarchy@1.1.5:
  version "1.1.5"
  resolved "https://registry.npmjs.org/d3-hierarchy/-/d3-hierarchy-1.1.5.tgz#a1c845c42f84a206bcf1c01c01098ea4ddaa7a26"
  integrity sha512-PcsLIhThc60mWnxlojIOH7Sc0tQ2DgLWfEwEAyzCtej5f3H9wSsRmrg5pEhKZLrwiJnI2zyw/pznJxL9a/Eugw==

d3-hierarchy@^1.1.9:
  version "1.1.9"
  resolved "https://registry.npmjs.org/d3-hierarchy/-/d3-hierarchy-1.1.9.tgz#2f6bee24caaea43f8dc37545fa01628559647a83"
  integrity sha512-j8tPxlqh1srJHAtxfvOUwKNYJkQuBFdM1+JAUfq6xqH5eAqf93L7oG1NVqDa4CpFZNvnNKtCYEUC8KY9yEn9lQ==

d3-interpolate@1:
  version "1.4.0"
  resolved "https://registry.npmjs.org/d3-interpolate/-/d3-interpolate-1.4.0.tgz#526e79e2d80daa383f9e0c1c1c7dcc0f0583e987"
  integrity sha512-V9znK0zc3jOPV4VD2zZn0sDhZU3WAE2bmlxdIwwQPPzPjvyLkd8B3JUVdS1IDUFDkWZ72c9qnv1GK2ZagTZ8EA==
  dependencies:
    d3-color "1"

d3-interpolate@1.1.6:
  version "1.1.6"
  resolved "https://registry.npmjs.org/d3-interpolate/-/d3-interpolate-1.1.6.tgz#2cf395ae2381804df08aa1bf766b7f97b5f68fb6"
  integrity sha512-mOnv5a+pZzkNIHtw/V6I+w9Lqm9L5bG3OTXPM5A+QO0yyVMQ4W1uZhR+VOJmazaOZXri2ppbiZ5BUNWT0pFM9A==
  dependencies:
    d3-color "1"

d3-path@1:
  version "1.0.9"
  resolved "https://registry.npmjs.org/d3-path/-/d3-path-1.0.9.tgz#48c050bb1fe8c262493a8caf5524e3e9591701cf"
  integrity sha512-VLaYcn81dtHVTjEHd8B+pbe9yHWpXKZUC87PzoFmsFrJqgFwDe/qxfp5MlfsfM1V5E/iVt0MmEbWQ7FVIXh/bg==

d3-path@1.0.5:
  version "1.0.5"
  resolved "https://registry.npmjs.org/d3-path/-/d3-path-1.0.5.tgz#241eb1849bd9e9e8021c0d0a799f8a0e8e441764"
  integrity sha512-eD76prgnTKYkLzHlY2UMyOEZXTpC+WOanCr1BLxo38w4fPPPq/LgCFqRQvqFU3AJngfZmmKR7rgKPZ4EGJ9Atw==

d3-path@^3.1.0:
  version "3.1.0"
  resolved "https://registry.npmjs.org/d3-path/-/d3-path-3.1.0.tgz#22df939032fb5a71ae8b1800d61ddb7851c42526"
  integrity sha512-p3KP5HCf/bvjBSSKuXid6Zqijx7wIfNW+J/maPs+iwR35at5JCbLUT0LzF1cnjbCHWhqzQTIN2Jpe8pRebIEFQ==

d3-polygon@1.0.3:
  version "1.0.3"
  resolved "https://registry.npmjs.org/d3-polygon/-/d3-polygon-1.0.3.tgz#16888e9026460933f2b179652ad378224d382c62"
  integrity sha512-2zP7GOvf4XOWTeQouK7fCO534yQxyhYYTw6GTqcXifIalHgA6qV/es+4GRQii9m6XxEPFcht4loobD/o2iEo1A==

d3-quadtree@1:
  version "1.0.7"
  resolved "https://registry.npmjs.org/d3-quadtree/-/d3-quadtree-1.0.7.tgz#ca8b84df7bb53763fe3c2f24bd435137f4e53135"
  integrity sha512-RKPAeXnkC59IDGD0Wu5mANy0Q2V28L+fNe65pOCXVdVuTJS3WPKaJlFHer32Rbh9gIo9qMuJXio8ra4+YmIymA==

d3-quadtree@1.0.3:
  version "1.0.3"
  resolved "https://registry.npmjs.org/d3-quadtree/-/d3-quadtree-1.0.3.tgz#ac7987e3e23fe805a990f28e1b50d38fcb822438"
  integrity sha512-U2Jc3jF3JOBGXIOnvWY9C4ekRwRX9hEVpMMmeduJyaxAwPmoe7t84iZFTLn1RwYOyrXxJF55H/Hrg186TFQQdw==

d3-queue@3.0.7:
  version "3.0.7"
  resolved "https://registry.npmjs.org/d3-queue/-/d3-queue-3.0.7.tgz#c93a2e54b417c0959129d7d73f6cf7d4292e7618"
  integrity sha512-2rs+6pNFKkrJhqe1rg5znw7dKJ7KZr62j9aLZfhondkrnz6U7VRmJj1UGcbD8MRc46c7H8m4SWhab8EalBQrkw==

d3-random@1.1.0:
  version "1.1.0"
  resolved "https://registry.npmjs.org/d3-random/-/d3-random-1.1.0.tgz#6642e506c6fa3a648595d2b2469788a8d12529d3"
  integrity sha512-XuMbjx3Jq4EWfJP4g6nR7zns/bZfaVbWHWfR8auDkEiWCzVbWifmasfszV1ZRN3xXK3nY4RUFL2nTIhceGZSFQ==

d3-request@1.0.6:
  version "1.0.6"
  resolved "https://registry.npmjs.org/d3-request/-/d3-request-1.0.6.tgz#a1044a9ef4ec28c824171c9379fae6d79474b19f"
  integrity sha512-FJj8ySY6GYuAJHZMaCQ83xEYE4KbkPkmxZ3Hu6zA1xxG2GD+z6P+Lyp+zjdsHf0xEbp2xcluDI50rCS855EQ6w==
  dependencies:
    d3-collection "1"
    d3-dispatch "1"
    d3-dsv "1"
    xmlhttprequest "1"

d3-scale@1.0.7:
  version "1.0.7"
  resolved "https://registry.npmjs.org/d3-scale/-/d3-scale-1.0.7.tgz#fa90324b3ea8a776422bd0472afab0b252a0945d"
  integrity sha512-KvU92czp2/qse5tUfGms6Kjig0AhHOwkzXG0+PqIJB3ke0WUv088AHMZI0OssO9NCkXt4RP8yju9rpH8aGB7Lw==
  dependencies:
    d3-array "^1.2.0"
    d3-collection "1"
    d3-color "1"
    d3-format "1"
    d3-interpolate "1"
    d3-time "1"
    d3-time-format "2"

d3-scale@^2.2.2:
  version "2.2.2"
  resolved "https://registry.npmjs.org/d3-scale/-/d3-scale-2.2.2.tgz#4e880e0b2745acaaddd3ede26a9e908a9e17b81f"
  integrity sha512-LbeEvGgIb8UMcAa0EATLNX0lelKWGYDQiPdHj+gLblGVhGLyNbaCn3EvrJf0A3Y/uOOU5aD6MTh5ZFCdEwGiCw==
  dependencies:
    d3-array "^1.2.0"
    d3-collection "1"
    d3-format "1"
    d3-interpolate "1"
    d3-time "1"
    d3-time-format "2"

d3-selection@1, d3-selection@^1.1.0, d3-selection@^1.4.2:
  version "1.4.2"
  resolved "https://registry.npmjs.org/d3-selection/-/d3-selection-1.4.2.tgz#dcaa49522c0dbf32d6c1858afc26b6094555bc5c"
  integrity sha512-SJ0BqYihzOjDnnlfyeHT0e30k0K1+5sR3d5fNueCNeuhZTnGw4M4o8mqJchSwgKMXCNFo+e2VTChiSJ0vYtXkg==

d3-selection@1.3.0:
  version "1.3.0"
  resolved "https://registry.npmjs.org/d3-selection/-/d3-selection-1.3.0.tgz#d53772382d3dc4f7507bfb28bcd2d6aed2a0ad6d"
  integrity sha512-qgpUOg9tl5CirdqESUAu0t9MU/t3O9klYfGfyKsXEmhyxyzLpzpeh08gaxBUTQw1uXIOkr/30Ut2YRjSSxlmHA==

d3-selection@1.4.0:
  version "1.4.0"
  resolved "https://registry.npmjs.org/d3-selection/-/d3-selection-1.4.0.tgz#ab9ac1e664cf967ebf1b479cc07e28ce9908c474"
  integrity sha512-EYVwBxQGEjLCKF2pJ4+yrErskDnz5v403qvAid96cNdCMr8rmCYfY5RGzWz24mdIbxmDf6/4EAH+K9xperD5jg==

d3-shape@1.0.4:
  version "1.0.4"
  resolved "https://registry.npmjs.org/d3-shape/-/d3-shape-1.0.4.tgz#145ee100ccbec42f8e3f1996cd05c786f79fe1c6"
  integrity sha512-cfgoSGygKqHOG9n2rslAqeCdEK5RB7gKK5lihJi0zhU+Zksc5jEnkM7mmN+FCQO63Yl8QBOHcV3BxL+aNnmazw==
  dependencies:
    d3-path "1"

d3-shape@1.2.0:
  version "1.2.0"
  resolved "https://registry.npmjs.org/d3-shape/-/d3-shape-1.2.0.tgz#45d01538f064bafd05ea3d6d2cb748fd8c41f777"
  integrity sha512-LP48zJ9ykPKjCdd0vSu5k2l4s8v1vI6vvdDeJtmgtTa+L6Ery0lzvOaV7pMunFuLv11hwSRZQnSnlhFl801aiw==
  dependencies:
    d3-path "1"

d3-shape@^1.3.7:
  version "1.3.7"
  resolved "https://registry.npmjs.org/d3-shape/-/d3-shape-1.3.7.tgz#df63801be07bc986bc54f63789b4fe502992b5d7"
  integrity sha512-EUkvKjqPFUAZyOlhY5gzCxCeI0Aep04LwIRpsZ/mLFelJiUfnK56jo5JMDSE7yyP2kLSb6LtF+S5chMk7uqPqw==
  dependencies:
    d3-path "1"

d3-shape@^3.2.0:
  version "3.2.0"
  resolved "https://registry.npmjs.org/d3-shape/-/d3-shape-3.2.0.tgz#a1a839cbd9ba45f28674c69d7f855bcf91dfc6a5"
  integrity sha512-SaLBuwGm3MOViRq2ABk3eLoxwZELpH6zhl3FbAoJ7Vm1gofKx6El1Ib5z23NUEhF9AsGl7y+dzLe5Cw2AArGTA==
  dependencies:
    d3-path "^3.1.0"

d3-svg-annotation@^2.5.1:
  version "2.5.1"
  resolved "https://registry.npmjs.org/d3-svg-annotation/-/d3-svg-annotation-2.5.1.tgz#4771d4a2f0c7911442505d763795fecc725d8ce0"
  integrity sha512-PXW39bunDsn2K6uiCUlZ919fnC29o8oIDzNJtKvz6xOMeNv53LyNkucn40YjLherNCrlx5JGsyEtw/DZcjAa4Q==
  dependencies:
    d3-dispatch "1.0.2"
    d3-drag "1.2.3"
    d3-selection "1.4.0"
    d3-shape "1.0.4"
    d3-transition "1.0.3"

d3-time-format@2, d3-time-format@^2.3.0:
  version "2.3.0"
  resolved "https://registry.npmjs.org/d3-time-format/-/d3-time-format-2.3.0.tgz#107bdc028667788a8924ba040faf1fbccd5a7850"
  integrity sha512-guv6b2H37s2Uq/GefleCDtbe0XZAuy7Wa49VGkPVPMfLL9qObgBST3lEHJBMUp8S7NdLQAGIvr2KXk8Hc98iKQ==
  dependencies:
    d3-time "1"

d3-time-format@2.1.1:
  version "2.1.1"
  resolved "https://registry.npmjs.org/d3-time-format/-/d3-time-format-2.1.1.tgz#85b7cdfbc9ffca187f14d3c456ffda268081bb31"
  integrity sha512-8kAkymq2WMfzW7e+s/IUNAtN/y3gZXGRrdGfo6R8NKPAA85UBTxZg5E61bR6nLwjPjj4d3zywSQe1CkYLPFyrw==
  dependencies:
    d3-time "1"

d3-time@1, d3-time@^1.1.0:
  version "1.1.0"
  resolved "https://registry.npmjs.org/d3-time/-/d3-time-1.1.0.tgz#b1e19d307dae9c900b7e5b25ffc5dcc249a8a0f1"
  integrity sha512-Xh0isrZ5rPYYdqhAVk8VLnMEidhz5aP7htAADH6MfzgmmicPkTo8LhkLxci61/lCB7n7UmE3bN0leRt+qvkLxA==

d3-time@1.0.8:
  version "1.0.8"
  resolved "https://registry.npmjs.org/d3-time/-/d3-time-1.0.8.tgz#dbd2d6007bf416fe67a76d17947b784bffea1e84"
  integrity sha512-YRZkNhphZh3KcnBfitvF3c6E0JOFGikHZ4YqD+Lzv83ZHn1/u6yGenRU1m+KAk9J1GnZMnKcrtfvSktlA1DXNQ==

d3-timer@1:
  version "1.0.10"
  resolved "https://registry.npmjs.org/d3-timer/-/d3-timer-1.0.10.tgz#dfe76b8a91748831b13b6d9c793ffbd508dd9de5"
  integrity sha512-B1JDm0XDaQC+uvo4DT79H0XmBskgS3l6Ve+1SBCfxgmtIb1AVrPIoqd+nPSv+loMX8szQ0sVUhGngL7D5QPiXw==

d3-timer@1.0.7:
  version "1.0.7"
  resolved "https://registry.npmjs.org/d3-timer/-/d3-timer-1.0.7.tgz#df9650ca587f6c96607ff4e60cc38229e8dd8531"
  integrity sha512-vMZXR88XujmG/L5oB96NNKH5lCWwiLM/S2HyyAQLcjWJCloK5shxta4CwOFYLZoY3AWX73v8Lgv4cCAdWtRmOA==

d3-transition@1:
  version "1.3.2"
  resolved "https://registry.npmjs.org/d3-transition/-/d3-transition-1.3.2.tgz#a98ef2151be8d8600543434c1ca80140ae23b398"
  integrity sha512-sc0gRU4PFqZ47lPVHloMn9tlPcv8jxgOQg+0zjhfZXMQuvppjG6YuwdMBE0TuqCZjeJkLecku/l9R0JPcRhaDA==
  dependencies:
    d3-color "1"
    d3-dispatch "1"
    d3-ease "1"
    d3-interpolate "1"
    d3-selection "^1.1.0"
    d3-timer "1"

d3-transition@1.0.3:
  version "1.0.3"
  resolved "https://registry.npmjs.org/d3-transition/-/d3-transition-1.0.3.tgz#91dc986bddb30973639320a85db72ce4ab1a27bb"
  integrity sha512-Facxcbma0nA2GVrx7B/Mgnn5ju6SwUMzGa9YcYmQjpqmaIq1Zbp5vVJLjtH6b08Lu0vcX7O6a4z+AlLmdCxrCQ==
  dependencies:
    d3-color "1"
    d3-dispatch "1"
    d3-ease "1"
    d3-interpolate "1"
    d3-selection "1"
    d3-timer "1"

d3-transition@1.1.1:
  version "1.1.1"
  resolved "https://registry.npmjs.org/d3-transition/-/d3-transition-1.1.1.tgz#d8ef89c3b848735b060e54a39b32aaebaa421039"
  integrity sha512-xeg8oggyQ+y5eb4J13iDgKIjUcEfIOZs2BqV/eEmXm2twx80wTzJ4tB4vaZ5BKfz7XsI/DFmQL5me6O27/5ykQ==
  dependencies:
    d3-color "1"
    d3-dispatch "1"
    d3-ease "1"
    d3-interpolate "1"
    d3-selection "^1.1.0"
    d3-timer "1"

d3-transition@1.1.3:
  version "1.1.3"
  resolved "https://registry.npmjs.org/d3-transition/-/d3-transition-1.1.3.tgz#3a435b05ce9cef9524fe0d38121cfb6905331ca6"
  integrity sha512-tEvo3qOXL6pZ1EzcXxFcPNxC/Ygivu5NoBY6mbzidATAeML86da+JfVIUzon3dNM6UX6zjDx+xbYDmMVtTSjuA==
  dependencies:
    d3-color "1"
    d3-dispatch "1"
    d3-ease "1"
    d3-interpolate "1"
    d3-selection "^1.1.0"
    d3-timer "1"

d3-voronoi@1.1.2:
  version "1.1.2"
  resolved "https://registry.npmjs.org/d3-voronoi/-/d3-voronoi-1.1.2.tgz#1687667e8f13a2d158c80c1480c5a29cb0d8973c"
  integrity sha512-RhGS1u2vavcO7ay7ZNAPo4xeDh/VYeGof3x5ZLJBQgYhLegxr3s5IykvWmJ94FTU6mcbtp4sloqZ54mP6R4Utw==

d3-zoom@1.7.1:
  version "1.7.1"
  resolved "https://registry.npmjs.org/d3-zoom/-/d3-zoom-1.7.1.tgz#02f43b3c3e2db54f364582d7e4a236ccc5506b63"
  integrity sha512-sZHQ55DGq5BZBFGnRshUT8tm2sfhPHFnOlmPbbwTkAoPeVdRTkB4Xsf9GCY0TSHrTD8PeJPZGmP/TpGicwJDJQ==
  dependencies:
    d3-dispatch "1"
    d3-drag "1"
    d3-interpolate "1"
    d3-selection "1"
    d3-transition "1"

d3@^4.13.0:
  version "4.13.0"
  resolved "https://registry.npmjs.org/d3/-/d3-4.13.0.tgz#ab236ff8cf0cfc27a81e69bf2fb7518bc9b4f33d"
  integrity sha512-l8c4+0SldjVKLaE2WG++EQlqD7mh/dmQjvi2L2lKPadAVC+TbJC4ci7Uk9bRi+To0+ansgsS0iWfPjD7DBy+FQ==
  dependencies:
    d3-array "1.2.1"
    d3-axis "1.0.8"
    d3-brush "1.0.4"
    d3-chord "1.0.4"
    d3-collection "1.0.4"
    d3-color "1.0.3"
    d3-dispatch "1.0.3"
    d3-drag "1.2.1"
    d3-dsv "1.0.8"
    d3-ease "1.0.3"
    d3-force "1.1.0"
    d3-format "1.2.2"
    d3-geo "1.9.1"
    d3-hierarchy "1.1.5"
    d3-interpolate "1.1.6"
    d3-path "1.0.5"
    d3-polygon "1.0.3"
    d3-quadtree "1.0.3"
    d3-queue "3.0.7"
    d3-random "1.1.0"
    d3-request "1.0.6"
    d3-scale "1.0.7"
    d3-selection "1.3.0"
    d3-shape "1.2.0"
    d3-time "1.0.8"
    d3-time-format "2.1.1"
    d3-timer "1.0.7"
    d3-transition "1.1.1"
    d3-voronoi "1.1.2"
    d3-zoom "1.7.1"

deep-keys@^0.5.0:
  version "0.5.0"
  resolved "https://registry.npmjs.org/deep-keys/-/deep-keys-0.5.0.tgz#2e619990c585993c7d522cb85b2f69ac6756448e"
  integrity sha512-/80a4+9lbLj1hRxG0ULtEOGtbM4hN/5u1Vu6kc6ZkYePUq+ZhtboRIsWTVKplc2ET1xY2FMVwhyt46w9vPf9Rg==

eastasianwidth@^0.2.0:
  version "0.2.0"
  resolved "https://registry.npmjs.org/eastasianwidth/-/eastasianwidth-0.2.0.tgz#696ce2ec0aa0e6ea93a397ffcf24aa7840c827cb"
  integrity sha512-I88TYZWc9XiYHRQ4/3c5rjjfgkjhLyW2luGIheGERbNQ6OY7yTybanSpDXZa8y7VUP9YmDcYa+eyq4ca7iLqWA==

emoji-regex@^8.0.0:
  version "8.0.0"
  resolved "https://registry.npmjs.org/emoji-regex/-/emoji-regex-8.0.0.tgz#e818fd69ce5ccfcb404594f842963bf53164cc37"
  integrity sha512-MSjYzcWNOA0ewAHpz0MxpYFvwg6yjy1NG3xteoqz644VCo/RPgnr1/GGt+ic3iJTzQ8Eu3TdM14SawnVUmGE6A==

emoji-regex@^9.2.2:
  version "9.2.2"
  resolved "https://registry.npmjs.org/emoji-regex/-/emoji-regex-9.2.2.tgz#840c8803b0d8047f4ff0cf963176b32d4ef3ed72"
  integrity sha512-L18DaJsXSUk2+42pv8mLs5jJT2hqFkFE4j21wOmgbUqsZ2hL72NsUU785g9RXgo3s0ZNgVl42TiHp3ZtOv/Vyg==

escalade@^3.1.1:
  version "3.2.0"
  resolved "https://registry.npmjs.org/escalade/-/escalade-3.2.0.tgz#011a3f69856ba189dffa7dc8fcce99d2a87903e5"
  integrity sha512-WUj2qlxaQtO4g6Pq5c29GTcWGDyd8itL8zTlipgECz3JesAiiOKotd8JU6otB3PACgG6xkJUyVhboMS+bje/jA==

foreground-child@^3.1.0:
  version "3.3.0"
  resolved "https://registry.npmjs.org/foreground-child/-/foreground-child-3.3.0.tgz#0ac8644c06e431439f8561db8ecf29a7b5519c77"
  integrity sha512-Ld2g8rrAyMYFXBhEqMz8ZAHBi4J4uS1i/CxGMDnjyFWddMXLVcDp051DZfu+t7+ab7Wv6SMqpWmyFIj5UbfFvg==
  dependencies:
    cross-spawn "^7.0.0"
    signal-exit "^4.0.1"

function-bind@^1.1.2:
  version "1.1.2"
  resolved "https://registry.npmjs.org/function-bind/-/function-bind-1.1.2.tgz#2c02d864d97f3ea6c8830c464cbd11ab6eab7a1c"
  integrity sha512-7XHNxH7qX9xG5mIwxkhumTox/MIRNcOgDrxWsMt2pAr23WHp6MrRlN7FBSFpCpr+oVO0F744iUgR82nJMfG2SA==

get-caller-file@^2.0.5:
  version "2.0.5"
  resolved "https://registry.npmjs.org/get-caller-file/-/get-caller-file-2.0.5.tgz#4f94412a82db32f36e3b0b9741f8a97feb031f7e"
  integrity sha512-DyFP3BM/3YHTQOCUL/w0OZHR0lpKeGrxotcHWcqNEdnltqFwXVfhEBQ94eIo34AfQpo0rGki4cyIiftY06h2Fg==

glob@^10.4.2:
  version "10.4.5"
  resolved "https://registry.npmjs.org/glob/-/glob-10.4.5.tgz#f4d9f0b90ffdbab09c9d77f5f29b4262517b0956"
  integrity sha512-7Bv8RF0k6xjo7d4A/PxYLbUCfb6c+Vpd2/mB2yRDlew7Jb5hEXiCD9ibfO7wpk8i4sevK6DFny9h7EYbM3/sHg==
  dependencies:
    foreground-child "^3.1.0"
    jackspeak "^3.1.2"
    minimatch "^9.0.4"
    minipass "^7.1.2"
    package-json-from-dist "^1.0.0"
    path-scurry "^1.11.1"

hasown@^2.0.0:
  version "2.0.1"
  resolved "https://registry.npmjs.org/hasown/-/hasown-2.0.1.tgz#26f48f039de2c0f8d3356c223fb8d50253519faa"
  integrity sha512-1/th4MHjnwncwXsIW6QMzlvYL9kG5e/CpVvLRZe4XPa8TOUNbCELqmvhDmnkNsAjwaG4+I8gJJL0JBvTTLO9qA==
  dependencies:
    function-bind "^1.1.2"

i18next@23.5.1:
  version "23.5.1"
  resolved "https://registry.npmjs.org/i18next/-/i18next-23.5.1.tgz#7f7c35ffaa907618d9489f106d5006b09fbca3d3"
  integrity sha512-JelYzcaCoFDaa+Ysbfz2JsGAKkrHiMG6S61+HLBUEIPaF40WMwW9hCPymlQGrP+wWawKxKPuSuD71WZscCsWHg==
  dependencies:
    "@babel/runtime" "^7.22.5"

iconv-lite@0.4:
  version "0.4.24"
  resolved "https://registry.npmjs.org/iconv-lite/-/iconv-lite-0.4.24.tgz#2022b4b25fbddc21d2f524974a474aafe733908b"
  integrity sha512-v3MXnZAcvnywkTUEZomIActle7RXXeedOR31wwl7VlyoXO4Qi9arvSenNQWne1TcRwhCL1HwLI21bEqdpj8/rA==
  dependencies:
    safer-buffer ">= 2.1.2 < 3"

"internmap@1 - 2":
  version "2.0.3"
  resolved "https://registry.npmjs.org/internmap/-/internmap-2.0.3.tgz#6685f23755e43c524e251d29cbc97248e3061009"
  integrity sha512-5Hh7Y1wQbvY5ooGgPbDaL5iYLAPzMTUrjMulskHLH6wnv/A+1q5rgEaiuqEjB+oxGXIVZs1FF+R/KPN3ZSQYYg==

is-core-module@^2.13.0:
  version "2.13.1"
  resolved "https://registry.npmjs.org/is-core-module/-/is-core-module-2.13.1.tgz#ad0d7532c6fea9da1ebdc82742d74525c6273384"
  integrity sha512-hHrIjvZsftOsvKSn2TRYl63zvxsgE0K+0mYMoH6gD4omR5IWB2KynivBQczo3+wF1cCkjzvptnI9Q0sPU66ilw==
  dependencies:
    hasown "^2.0.0"

is-fullwidth-code-point@^3.0.0:
  version "3.0.0"
  resolved "https://registry.npmjs.org/is-fullwidth-code-point/-/is-fullwidth-code-point-3.0.0.tgz#f116f8064fe90b3f7844a38997c0b75051269f1d"
  integrity sha512-zymm5+u+sCsSWyD9qNaejV3DFvhCKclKdizYaJUuHA83RLjb7nSuGnddCHGv0hk+KY7BMAlsWeK4Ueg6EV6XQg==

isexe@^2.0.0:
  version "2.0.0"
  resolved "https://registry.npmjs.org/isexe/-/isexe-2.0.0.tgz#e8fbf374dc556ff8947a10dcb0572d633f2cfa10"
  integrity sha512-RHxMLp9lnKHGHRng9QFhRCMbYAcVpn69smSGcq3f36xjgVVWThj4qqLbTLlq7Ssj8B+fIQ1EuCEGI2lKsyQeIw==

jackspeak@^3.1.2:
  version "3.4.3"
  resolved "https://registry.npmjs.org/jackspeak/-/jackspeak-3.4.3.tgz#8833a9d89ab4acde6188942bd1c53b6390ed5a8a"
  integrity sha512-OGlZQpz2yfahA/Rd1Y8Cd9SIEsqvXkLVoSw/cgwhnhFMDbsQFeZYoJJ7bIZBS9BcamUW96asq/npPWugM+RQBw==
  dependencies:
    "@isaacs/cliui" "^8.0.2"
  optionalDependencies:
    "@pkgjs/parseargs" "^0.11.0"

lodash-es@^4.17.11:
  version "4.17.21"
  resolved "https://registry.npmjs.org/lodash-es/-/lodash-es-4.17.21.tgz#43e626c46e6591b7750beb2b50117390c609e3ee"
  integrity sha512-mKnC+QJ9pWVzv+C4/U3rRsHapFfHvQFoFB92e52xeyGMcX6/OlIl78je1u8vePzYZSkkogMPJ2yjxxsb89cxyw==

lodash@^4.17.20:
  version "4.17.21"
  resolved "https://registry.npmjs.org/lodash/-/lodash-4.17.21.tgz#679591c564c3bffaae8454cf0b3df370c3d6911c"
  integrity sha512-v2kDEe57lecTulaDIuNTPy3Ry4gLGJ6Z1O3vE1krgXZNrsQ+LFTGHVxVjcXPs17LhbZVGedAJv8XZ1tvj5FvSg==

lru-cache@^10.2.0:
  version "10.4.3"
  resolved "https://registry.npmjs.org/lru-cache/-/lru-cache-10.4.3.tgz#410fc8a17b70e598013df257c2446b7f3383f119"
  integrity sha512-JNAzZcXrCt42VGLuYz0zfAzDfAvJWW6AfYlDBQyDV5DClI2m5sAmK+OIO7s59XfsRsWHp02jAJrRadPRGTt6SQ==

minimatch@^9.0.4:
  version "9.0.5"
  resolved "https://registry.npmjs.org/minimatch/-/minimatch-9.0.5.tgz#d74f9dd6b57d83d8e98cfb82133b03978bc929e5"
  integrity sha512-G6T0ZX48xgozx7587koeX9Ys2NYy6Gmv//P89sEte9V9whIapMNF4idKxnW2QtCcLiTWlb/wfCabAtAFWhhBow==
  dependencies:
    brace-expansion "^2.0.1"

"minipass@^5.0.0 || ^6.0.2 || ^7.0.0", minipass@^7.1.2:
  version "7.1.2"
  resolved "https://registry.npmjs.org/minipass/-/minipass-7.1.2.tgz#93a9626ce5e5e66bd4db86849e7515e92340a707"
  integrity sha512-qOOzS1cBTWYF4BH8fVePDBOO9iptMnGUEZwNc/cMWnTV2nVLZ7VoNWEPHkYczZA0pdoA7dl6e7FL659nX9S2aw==

package-json-from-dist@^1.0.0:
  version "1.0.1"
  resolved "https://registry.npmjs.org/package-json-from-dist/-/package-json-from-dist-1.0.1.tgz#4f1471a010827a86f94cfd9b0727e36d267de505"
  integrity sha512-UEZIS3/by4OC8vL3P2dTXRETpebLI2NiI5vIrjaD/5UtrkFX/tNbwjTSRAGC/+7CAo2pIcBaRgWmcBBHcsaCIw==

path-key@^3.1.0:
  version "3.1.1"
  resolved "https://registry.npmjs.org/path-key/-/path-key-3.1.1.tgz#581f6ade658cbba65a0d3380de7753295054f375"
  integrity sha512-ojmeN0qd+y0jszEtoY48r0Peq5dwMEkIlCOu6Q5f41lfkswXuKtYrhgoTpLnyIcHm24Uhqx+5Tqm2InSwLhE6Q==

path-parse@^1.0.7:
  version "1.0.7"
  resolved "https://registry.npmjs.org/path-parse/-/path-parse-1.0.7.tgz#fbc114b60ca42b30d9daf5858e4bd68bbedb6735"
  integrity sha512-LDJzPVEEEPR+y48z93A0Ed0yXb8pAByGWo/k5YYdYgpY2/2EsOsksJrq7lOHxryrVOn1ejG6oAp8ahvOIQD8sw==

path-scurry@^1.11.1:
  version "1.11.1"
  resolved "https://registry.npmjs.org/path-scurry/-/path-scurry-1.11.1.tgz#7960a668888594a0720b12a911d1a742ab9f11d2"
  integrity sha512-Xa4Nw17FS9ApQFJ9umLiJS4orGjm7ZzwUrwamcGQuHSzDyth9boKDaycYdDcZDuqYATXw4HFXgaqWTctW/v1HA==
  dependencies:
    lru-cache "^10.2.0"
    minipass "^5.0.0 || ^6.0.2 || ^7.0.0"

property-expr@^2.0.4:
  version "2.0.6"
  resolved "https://registry.npmjs.org/property-expr/-/property-expr-2.0.6.tgz#f77bc00d5928a6c748414ad12882e83f24aec1e8"
  integrity sha512-SVtmxhRE/CGkn3eZY1T6pC8Nln6Fr/lu1mKSgRud0eC73whjGfoAogbn78LkD8aFL0zz3bAFerKSnOl7NlErBA==

regenerator-runtime@^0.14.0:
  version "0.14.1"
  resolved "https://registry.npmjs.org/regenerator-runtime/-/regenerator-runtime-0.14.1.tgz#356ade10263f685dda125100cd862c1db895327f"
  integrity sha512-dYnhHh0nJoMfnkZs6GmmhFknAGRrLznOu5nc9ML+EJxGvrx6H7teuevqVqCuPcPK//3eDrrjQhehXVx9cnkGdw==

replace-in-file@8.1.0:
  version "8.1.0"
  resolved "https://registry.npmjs.org/replace-in-file/-/replace-in-file-8.1.0.tgz#5264a0859ab3fbb16e3a721df738e55b1aca8cc7"
  integrity sha512-ySYfKDH6uFVC4Wt6DcZ2UX0UMCqE7xhWGVqje/15WFVwHxnel1gdZjV8nOW9Nms6h/yQE2MWyeIToeqFLZkp4w==
  dependencies:
    chalk "^5.3.0"
    glob "^10.4.2"
    yargs "^17.7.2"

require-directory@^2.1.1:
  version "2.1.1"
  resolved "https://registry.npmjs.org/require-directory/-/require-directory-2.1.1.tgz#8c64ad5fd30dab1c976e2344ffe7f792a6a6df42"
  integrity sha512-fGxEI7+wsG9xrvdjsrlmL22OMTTiHRwAMroiEeMgq8gzoLC/PQr7RsRDSTLUg/bZAZtF+TVIkHc6/4RIKrui+Q==

resolve@^1.1.10:
  version "1.22.8"
  resolved "https://registry.npmjs.org/resolve/-/resolve-1.22.8.tgz#b6c87a9f2aa06dfab52e3d70ac8cde321fa5a48d"
  integrity sha512-oKWePCxqpd6FlLvGV1VU0x7bkPmmCNolxzjMf4NczoDnQcIWrAF+cPtZn5i6n+RfD2d9i0tzpKnG6Yk168yIyw==
  dependencies:
    is-core-module "^2.13.0"
    path-parse "^1.0.7"
    supports-preserve-symlinks-flag "^1.0.0"

rw@1:
  version "1.3.3"
  resolved "https://registry.npmjs.org/rw/-/rw-1.3.3.tgz#3f862dfa91ab766b14885ef4d01124bfda074fb4"
  integrity sha512-PdhdWy89SiZogBLaw42zdeqtRJ//zFd2PgQavcICDUgJT5oW10QCRKbJ6bg4r0/UY2M6BWd5tkxuGFRvCkgfHQ==

"safer-buffer@>= 2.1.2 < 3":
  version "2.1.2"
  resolved "https://registry.npmjs.org/safer-buffer/-/safer-buffer-2.1.2.tgz#44fa161b0187b9549dd84bb91802f9bd8385cd6a"
  integrity sha512-YZo3K82SD7Riyi0E1EQPojLz7kpepnSQI9IyPbHHg1XXXevb5dJI7tpyN2ADxGcQbHG7vcyRHk0cbwqcQriUtg==

shebang-command@^2.0.0:
  version "2.0.0"
  resolved "https://registry.npmjs.org/shebang-command/-/shebang-command-2.0.0.tgz#ccd0af4f8835fbdc265b82461aaf0c36663f34ea"
  integrity sha512-kHxr2zZpYtdmrN1qDjrrX/Z1rR1kG8Dx+gkpK1G4eXmvXswmcE1hTWBWYUzlraYw1/yZp6YuDY77YtvbN0dmDA==
  dependencies:
    shebang-regex "^3.0.0"

shebang-regex@^3.0.0:
  version "3.0.0"
  resolved "https://registry.npmjs.org/shebang-regex/-/shebang-regex-3.0.0.tgz#ae16f1644d873ecad843b0307b143362d4c42172"
  integrity sha512-7++dFhtcx3353uBaq8DDR4NuxBetBzC7ZQOhmTQInHEd6bSrXdiEyzCvG07Z44UYdLShWUyXt5M/yhz8ekcb1A==

signal-exit@^4.0.1:
  version "4.1.0"
  resolved "https://registry.npmjs.org/signal-exit/-/signal-exit-4.1.0.tgz#952188c1cbd546070e2dd20d0f41c0ae0530cb04"
  integrity sha512-bzyZ1e88w9O1iNJbKnOlvYTrWPDl46O1bG0D3XInv+9tkPrxrN8jUUTiFlDkkmKWgn1M6CfIA13SuGqOa9Korw==

"string-width-cjs@npm:string-width@^4.2.0", string-width@^4.1.0, string-width@^4.2.0, string-width@^4.2.3:
  version "4.2.3"
  resolved "https://registry.npmjs.org/string-width/-/string-width-4.2.3.tgz#269c7117d27b05ad2e536830a8ec895ef9c6d010"
  integrity sha512-wKyQRQpjJ0sIp62ErSZdGsjMJWsap5oRNihHhu6G7JVO/9jIB6UyevL+tXuOqrng8j/cxKTWyWUwvSTriiZz/g==
  dependencies:
    emoji-regex "^8.0.0"
    is-fullwidth-code-point "^3.0.0"
    strip-ansi "^6.0.1"

string-width@^5.0.1, string-width@^5.1.2:
  version "5.1.2"
  resolved "https://registry.npmjs.org/string-width/-/string-width-5.1.2.tgz#14f8daec6d81e7221d2a357e668cab73bdbca794"
  integrity sha512-HnLOCR3vjcY8beoNLtcjZ5/nxn2afmME6lhrDrebokqMap+XbeW8n9TXpPDOqdGK5qcI3oT0GKTW6wC7EMiVqA==
  dependencies:
    eastasianwidth "^0.2.0"
    emoji-regex "^9.2.2"
    strip-ansi "^7.0.1"

"strip-ansi-cjs@npm:strip-ansi@^6.0.1", strip-ansi@^6.0.0, strip-ansi@^6.0.1:
  version "6.0.1"
  resolved "https://registry.npmjs.org/strip-ansi/-/strip-ansi-6.0.1.tgz#9e26c63d30f53443e9489495b2105d37b67a85d9"
  integrity sha512-Y38VPSHcqkFrCpFnQ9vuSXmquuv5oXOKpGeT6aGrr3o3Gc9AlVa6JBfUSOCnbxGGZF+/0ooI7KrPuUSztUdU5A==
  dependencies:
    ansi-regex "^5.0.1"

strip-ansi@^7.0.1:
  version "7.1.0"
  resolved "https://registry.npmjs.org/strip-ansi/-/strip-ansi-7.1.0.tgz#d5b6568ca689d8561370b0707685d22434faff45"
  integrity sha512-iq6eVVI64nQQTRYq2KtEg2d2uU7LElhTJwsH4YzIHZshxlgZms/wIc4VoDQTlG/IvVIrBKG06CrZnp0qv7hkcQ==
  dependencies:
    ansi-regex "^6.0.1"

supports-preserve-symlinks-flag@^1.0.0:
  version "1.0.0"
  resolved "https://registry.npmjs.org/supports-preserve-symlinks-flag/-/supports-preserve-symlinks-flag-1.0.0.tgz#6eda4bd344a3c94aea376d4cc31bc77311039e09"
  integrity sha512-ot0WnXS9fgdkgIcePe6RHNk1WA8+muPa6cSjeR3V8K27q9BB1rTE3R1p7Hv0z1ZyAc8s6Vvv8DIyWf681MAt0w==

topojson-client@3.1.0:
  version "3.1.0"
  resolved "https://registry.npmjs.org/topojson-client/-/topojson-client-3.1.0.tgz#22e8b1ed08a2b922feeb4af6f53b6ef09a467b99"
  integrity sha512-605uxS6bcYxGXw9qi62XyrV6Q3xwbndjachmNxu8HWTtVPxZfEJN9fd/SZS1Q54Sn2y0TMyMxFj/cJINqGHrKw==
  dependencies:
    commander "2"

toposort@^2.0.2:
  version "2.0.2"
  resolved "https://registry.npmjs.org/toposort/-/toposort-2.0.2.tgz#ae21768175d1559d48bef35420b2f4962f09c330"
  integrity sha512-0a5EOkAUp8D4moMi2W8ZF8jcga7BgZd91O/yabJCFY8az+XSzeGyTKs0Aoo897iV1Nj6guFq8orWDS96z91oGg==

uuid@8.3.2:
  version "8.3.2"
  resolved "https://registry.npmjs.org/uuid/-/uuid-8.3.2.tgz#80d5b5ced271bb9af6c445f21a1a04c606cefbe2"
  integrity sha512-+NYs2QeMWy+GWFOEm9xnn6HCDp0l7QBD7ml8zLUmJ+93Q5NF0NocErnwkTkXVFNiX3/fpC6afS8Dhb/gz7R7eg==

vega-canvas@1.2.6:
  version "1.2.6"
  resolved "https://registry.npmjs.org/vega-canvas/-/vega-canvas-1.2.6.tgz#55e032ce9a62acd17229f6bac66d99db3d6879cd"
  integrity sha512-rgeYUpslYn/amIfnuv3Sw6n4BGns94OjjZNtUc9IDji6b+K8LGS/kW+Lvay8JX/oFqtulBp8RLcHN6QjqPLA9Q==

which@^2.0.1:
  version "2.0.2"
  resolved "https://registry.npmjs.org/which/-/which-2.0.2.tgz#7c6a8dd0a636a0327e10b59c9286eee93f3f51b1"
  integrity sha512-BLI3Tl1TW3Pvl70l3yq3Y64i+awpwXqsGBYWkkqMtnbXgrMD+yj7rhW0kuEDxzJaYXGjEW5ogapKNMEKNMjibA==
  dependencies:
    isexe "^2.0.0"

"wrap-ansi-cjs@npm:wrap-ansi@^7.0.0", wrap-ansi@^7.0.0:
  version "7.0.0"
  resolved "https://registry.npmjs.org/wrap-ansi/-/wrap-ansi-7.0.0.tgz#67e145cff510a6a6984bdf1152911d69d2eb9e43"
  integrity sha512-YVGIj2kamLSTxw6NsZjoBxfSwsn0ycdesmc4p+Q21c5zPuZ1pl+NfxVdxPtdHvmNVOQ6XSYG4AUtyt/Fi7D16Q==
  dependencies:
    ansi-styles "^4.0.0"
    string-width "^4.1.0"
    strip-ansi "^6.0.0"

wrap-ansi@^8.1.0:
  version "8.1.0"
  resolved "https://registry.npmjs.org/wrap-ansi/-/wrap-ansi-8.1.0.tgz#56dc22368ee570face1b49819975d9b9a5ead214"
  integrity sha512-si7QWI6zUMq56bESFvagtmzMdGOtoxfR+Sez11Mobfc7tm+VkUckk9bW2UeffTGVUbOksxmSw0AA2gs8g71NCQ==
  dependencies:
    ansi-styles "^6.1.0"
    string-width "^5.0.1"
    strip-ansi "^7.0.1"

xmlhttprequest@1:
  version "1.8.0"
  resolved "https://registry.npmjs.org/xmlhttprequest/-/xmlhttprequest-1.8.0.tgz#67fe075c5c24fef39f9d65f5f7b7fe75171968fc"
  integrity sha512-58Im/U0mlVBLM38NdZjHyhuMtCqa61469k2YP/AaPbvCoV9aQGUpbJBj1QRm2ytRiVQBD/fsw7L2bJGDVQswBA==

y18n@^5.0.5:
  version "5.0.8"
  resolved "https://registry.npmjs.org/y18n/-/y18n-5.0.8.tgz#7f4934d0f7ca8c56f95314939ddcd2dd91ce1d55"
  integrity sha512-0pfFzegeDWJHJIAmTLRP2DwHjdF5s7jo9tuztdQxAhINCdvS+3nGINqPd00AphqJR/0LhANUS6/+7SCb98YOfA==

yargs-parser@^21.1.1:
  version "21.1.1"
  resolved "https://registry.npmjs.org/yargs-parser/-/yargs-parser-21.1.1.tgz#9096bceebf990d21bb31fa9516e0ede294a77d35"
  integrity sha512-tVpsJW7DdjecAiFpbIB1e3qxIQsE6NoPc5/eTdrbbIC4h0LVsWhnoa3g+m2HclBIujHzsxZ4VJVA+GUuc2/LBw==

yargs@^17.7.2:
  version "17.7.2"
  resolved "https://registry.npmjs.org/yargs/-/yargs-17.7.2.tgz#991df39aca675a192b816e1e0363f9d75d2aa269"
  integrity sha512-7dSzzRQ++CKnNI/krKnYRV7JKKPUXMEh61soaHKg9mrWEhzFWhFnxPxGl+69cD1Ou63C13NUPCnmIcrvqCuM6w==
  dependencies:
    cliui "^8.0.1"
    escalade "^3.1.1"
    get-caller-file "^2.0.5"
    require-directory "^2.1.1"
    string-width "^4.2.3"
    y18n "^5.0.5"
    yargs-parser "^21.1.1"

yup@^0.30.0:
  version "0.30.0"
  resolved "https://registry.npmjs.org/yup/-/yup-0.30.0.tgz#427ee076abb1d7e01e747fb782801f7df252fb76"
  integrity sha512-GX3vqpC9E+Ow0fmQPgqbEg7UV40XRrN1IOEgKF5v04v6T4ha2vBas/hu0thWgewk8L4wUEBLRO/EnXwYyP+p+A==
  dependencies:
    "@babel/runtime" "^7.10.5"
    lodash "^4.17.20"
    lodash-es "^4.17.11"
    property-expr "^2.0.4"
    toposort "^2.0.2"
