# THIS IS AN AUTOGENERATED FILE. DO NOT EDIT THIS FILE DIRECTLY.
# yarn lockfile v1


"@babel/parser@^7.23.9":
  version "7.23.9"
  resolved "https://registry.npmjs.org/@babel/parser/-/parser-7.23.9.tgz#7b903b6149b0f8fa7ad564af646c4c38a77fc44b"
  integrity sha512-9tcKgqKbs3xGJ+NtKF2ndOBBLVwPjl1SHxPQkd36r3Dlirw3xWUeGaTbqr7uGZcTaxkVNwc+03SVP7aCdWrTlA==

"@jridgewell/sourcemap-codec@^1.4.15":
  version "1.4.15"
  resolved "https://registry.npmjs.org/@jridgewell/sourcemap-codec/-/sourcemap-codec-1.4.15.tgz#d7c6e6755c78567a951e04ab52ef0fd26de59f32"
  integrity sha512-eF2rxCRulEKXHTRiDrDy6erMYWqNw4LPdQ8UQA4huuxaQsVeRPFl2oM8oDGxMFhJUWZf9McpLtJasDDZb/Bpeg==

"@types/estree@*":
  version "1.0.5"
  resolved "https://registry.npmjs.org/@types/estree/-/estree-1.0.5.tgz#a6ce3e556e00fd9895dd872dd172ad0d4bd687f4"
  integrity sha512-/kYRxGDLWzHOB7q+wtSUQlFrtcdUccpfy+X+9iMBpHK8QLLhx2wIPYuS5DYtR9Wa/YlZAbIovy7qVdB1Aq6Lyw==

"@types/node@*":
  version "20.11.17"
  resolved "https://registry.npmjs.org/@types/node/-/node-20.11.17.tgz#cdd642d0e62ef3a861f88ddbc2b61e32578a9292"
  integrity sha512-QmgQZGWu1Yw9TDyAP9ZzpFJKynYNeOvwMJmaxABfieQoVoiVOS6MN1WSpqpRcbeA5+RW82kraAVxCCJg+780Qw==
  dependencies:
    undici-types "~5.26.4"

"@types/node@18.11.19":
  version "18.11.19"
  resolved "https://registry.npmjs.org/@types/node/-/node-18.11.19.tgz#35e26df9ec441ab99d73e99e9aca82935eea216d"
  integrity sha512-YUgMWAQBWLObABqrvx8qKO1enAvBUdjZOAWQ5grBAkp5LQv45jBvYKZ3oFS9iKRCQyFjqw6iuEa1vmFqtxYLZw==

"@types/resolve@0.0.8":
  version "0.0.8"
  resolved "https://registry.npmjs.org/@types/resolve/-/resolve-0.0.8.tgz#f26074d238e02659e323ce1a13d041eee280e194"
  integrity sha512-auApPaJf3NPfe18hSoJkp8EbZzer2ISk7o8mCC3M9he/a04+gbMF97NkpD2S8riMGvm4BMRI59/SZQSaLTKpsQ==
  dependencies:
    "@types/node" "*"

"@visa/charts-types@^0.6.2":
  version "0.6.2"
  resolved "https://registry.npmjs.org/@visa/charts-types/-/charts-types-0.6.2.tgz#b0e357a2efb7f0974631826326be134d14b592a3"
  integrity sha512-LEkx7dAeYgAvn577QVh9jgwroU6LEdJvASjhDZLNg8jqHzB9nH2QP6+JD2aGDrcMXxXJuJPr17akhDhFBTd3Mg==

"@visa/charts@^7.2.1":
  version "7.2.1"
  resolved "https://registry.npmjs.org/@visa/charts/-/charts-7.2.1.tgz#855d83b989e4970f4e464f8c79fbc6cef9da6566"
  integrity sha512-KKYS/o39yXS8YoHi5E75wQICwosGbi2wxDwIS/IZ6t4SYkdoc2jDqABncRg6WtEjmIMdXIt5DlA3TV3hTFrazg==
  dependencies:
    "@visa/charts-types" "^0.6.2"
    d3-array "^1.2.4"
    d3-collection "^1.0.7"
    d3-color "^3.1.0"
    d3-geo "^1.12.1"
    d3-geo-projection "2.9.0"
    d3-hierarchy "^1.1.9"
    d3-scale "^2.2.2"
    d3-selection "^1.4.2"
    d3-shape "^1.3.7"
    d3-time "^1.1.0"
    d3-time-format "^2.3.0"
    d3-transition "1.1.3"
    topojson-client "3.1.0"
    uuid "8.3.2"

"@vue/compiler-core@3.4.18":
  version "3.4.18"
  resolved "https://registry.npmjs.org/@vue/compiler-core/-/compiler-core-3.4.18.tgz#b875e27f6ba71c6e2cf4e9befa7f98c66afabf22"
  integrity sha512-F7YK8lMK0iv6b9/Gdk15A67wM0KKZvxDxed0RR60C1z9tIJTKta+urs4j0RTN5XqHISzI3etN3mX0uHhjmoqjQ==
  dependencies:
    "@babel/parser" "^7.23.9"
    "@vue/shared" "3.4.18"
    entities "^4.5.0"
    estree-walker "^2.0.2"
    source-map-js "^1.0.2"

"@vue/compiler-dom@3.4.18":
  version "3.4.18"
  resolved "https://registry.npmjs.org/@vue/compiler-dom/-/compiler-dom-3.4.18.tgz#43eca1e570199f732a9d71c0fe0db1bfd455078a"
  integrity sha512-24Eb8lcMfInefvQ6YlEVS18w5Q66f4+uXWVA+yb7praKbyjHRNuKVWGuinfSSjM0ZIiPi++QWukhkgznBaqpEA==
  dependencies:
    "@vue/compiler-core" "3.4.18"
    "@vue/shared" "3.4.18"

"@vue/compiler-sfc@3.4.18":
  version "3.4.18"
  resolved "https://registry.npmjs.org/@vue/compiler-sfc/-/compiler-sfc-3.4.18.tgz#22d8e1c178e61e64380681119b617abaf87f1634"
  integrity sha512-rG5tqtnzwrVpMqAQ7FHtvHaV70G6LLfJIWLYZB/jZ9m/hrnZmIQh+H3ewnC5onwe/ibljm9+ZupxeElzqCkTAw==
  dependencies:
    "@babel/parser" "^7.23.9"
    "@vue/compiler-core" "3.4.18"
    "@vue/compiler-dom" "3.4.18"
    "@vue/compiler-ssr" "3.4.18"
    "@vue/shared" "3.4.18"
    estree-walker "^2.0.2"
    magic-string "^0.30.6"
    postcss "^8.4.33"
    source-map-js "^1.0.2"

"@vue/compiler-ssr@3.4.18":
  version "3.4.18"
  resolved "https://registry.npmjs.org/@vue/compiler-ssr/-/compiler-ssr-3.4.18.tgz#990485af30204b8607d1613412319dec78a2bc58"
  integrity sha512-hSlv20oUhPxo2UYUacHgGaxtqP0tvFo6ixxxD6JlXIkwzwoZ9eKK6PFQN4hNK/R13JlNyldwWt/fqGBKgWJ6nQ==
  dependencies:
    "@vue/compiler-dom" "3.4.18"
    "@vue/shared" "3.4.18"

"@vue/reactivity@3.4.18":
  version "3.4.18"
  resolved "https://registry.npmjs.org/@vue/reactivity/-/reactivity-3.4.18.tgz#c67f1860c72f681bff08aec2642e06524202230d"
  integrity sha512-7uda2/I0jpLiRygprDo5Jxs2HJkOVXcOMlyVlY54yRLxoycBpwGJRwJT9EdGB4adnoqJDXVT2BilUAYwI7qvmg==
  dependencies:
    "@vue/shared" "3.4.18"

"@vue/runtime-core@3.4.18":
  version "3.4.18"
  resolved "https://registry.npmjs.org/@vue/runtime-core/-/runtime-core-3.4.18.tgz#e45d2e8df281dc517c469693e023f6b8e3752d9a"
  integrity sha512-7mU9diCa+4e+8/wZ7Udw5pwTH10A11sZ1nldmHOUKJnzCwvZxfJqAtw31mIf4T5H2FsLCSBQT3xgioA9vIjyDQ==
  dependencies:
    "@vue/reactivity" "3.4.18"
    "@vue/shared" "3.4.18"

"@vue/runtime-dom@3.4.18":
  version "3.4.18"
  resolved "https://registry.npmjs.org/@vue/runtime-dom/-/runtime-dom-3.4.18.tgz#61909e0e53089d1d596c550b0932a37ec6c41806"
  integrity sha512-2y1Mkzcw1niSfG7z3Qx+2ir9Gb4hdTkZe5p/I8x1aTIKQE0vY0tPAEUPhZm5tx6183gG3D/KwHG728UR0sIufA==
  dependencies:
    "@vue/runtime-core" "3.4.18"
    "@vue/shared" "3.4.18"
    csstype "^3.1.3"

"@vue/server-renderer@3.4.18":
  version "3.4.18"
  resolved "https://registry.npmjs.org/@vue/server-renderer/-/server-renderer-3.4.18.tgz#f464cf02b6092a17675760cf99667044c049ad02"
  integrity sha512-YJd1wa7mzUN3NRqLEsrwEYWyO+PUBSROIGlCc3J/cvn7Zu6CxhNLgXa8Z4zZ5ja5/nviYO79J1InoPeXgwBTZA==
  dependencies:
    "@vue/compiler-ssr" "3.4.18"
    "@vue/shared" "3.4.18"

"@vue/shared@3.4.18":
  version "3.4.18"
  resolved "https://registry.npmjs.org/@vue/shared/-/shared-3.4.18.tgz#5a5bbd5f8c47d5279d585991884be0418ddf5014"
  integrity sha512-CxouGFxxaW5r1WbrSmWwck3No58rApXgRSBxrqgnY1K+jk20F6DrXJkHdH9n4HVT+/B6G2CAn213Uq3npWiy8Q==

acorn@^7.1.0:
  version "7.4.1"
  resolved "https://registry.npmjs.org/acorn/-/acorn-7.4.1.tgz#feaed255973d2e77555b83dbc08851a6c63520fa"
  integrity sha512-nQyp0o1/mNdbTO1PO6kHkwSrmgZ0MT/jCCpNiwbUjGoRN4dlBhqJtoQuCnEOKzgTVwg0ZWiCoQy6SxMebQVh8A==

builtin-modules@^3.1.0:
  version "3.3.0"
  resolved "https://registry.npmjs.org/builtin-modules/-/builtin-modules-3.3.0.tgz#cae62812b89801e9656336e46223e030386be7b6"
  integrity sha512-zhaCDicdLuWN5UbN5IMnFqNMhNfo919sH85y2/ea+5Yg9TsTkeZxpL+JLbp6cgYFS4sRLp3YV4S6yDuqVWHYOw==

commander@2:
  version "2.20.3"
  resolved "https://registry.npmjs.org/commander/-/commander-2.20.3.tgz#fd485e84c03eb4881c20722ba48035e8531aeb33"
  integrity sha512-GpVkmM8vF2vQUkj2LvZmD35JxeJOLCwJ9cUkugyk2nuhbv3+mJvpLYYt+0+USMxE+oj+ey/lJEnhZw75x/OMcQ==

csstype@^3.1.3:
  version "3.1.3"
  resolved "https://registry.npmjs.org/csstype/-/csstype-3.1.3.tgz#d80ff294d114fb0e6ac500fbf85b60137d7eff81"
  integrity sha512-M1uQkMl8rQK/szD0LNhtqxIPLpimGm8sOBwU7lLnCpSbTyY3yeU1Vc7l4KT5zT4s/yOxHH5O7tIuuLOCnLADRw==

d3-array@1, d3-array@^1.2.0, d3-array@^1.2.4:
  version "1.2.4"
  resolved "https://registry.npmjs.org/d3-array/-/d3-array-1.2.4.tgz#635ce4d5eea759f6f605863dbcfc30edc737f71f"
  integrity sha512-KHW6M86R+FUPYGb3R5XiYjXPq7VzwxZ22buHhAEVG5ztoEcZZMLov530mmccaqA1GghZArjQV46fuc8kUqhhHw==

d3-collection@1, d3-collection@^1.0.7:
  version "1.0.7"
  resolved "https://registry.npmjs.org/d3-collection/-/d3-collection-1.0.7.tgz#349bd2aa9977db071091c13144d5e4f16b5b310e"
  integrity sha512-ii0/r5f4sjKNTfh84Di+DpztYwqKhEyUlKoPrzUFfeSkWxjW49xU2QzO9qrPrNkpdI0XJkfzvmTu8V2Zylln6A==

d3-color@1, d3-color@^3.1.0:
  version "3.1.0"
  resolved "https://registry.npmjs.org/d3-color/-/d3-color-3.1.0.tgz#395b2833dfac71507f12ac2f7af23bf819de24e2"
  integrity sha512-zg/chbXyeBtMQ1LbD/WSoW2DpC3I0mpmPdW+ynRTj/x2DAWYrIY7qeZIHidozwV24m4iavr15lNwIwLxRmOxhA==

d3-dispatch@1:
  version "1.0.6"
  resolved "https://registry.npmjs.org/d3-dispatch/-/d3-dispatch-1.0.6.tgz#00d37bcee4dd8cd97729dd893a0ac29caaba5d58"
  integrity sha512-fVjoElzjhCEy+Hbn8KygnmMS7Or0a9sI2UzGwoB7cCtvI1XpVN9GpoYlnb3xt2YV66oXYb1fLJ8GMvP4hdU1RA==

d3-ease@1:
  version "1.0.7"
  resolved "https://registry.npmjs.org/d3-ease/-/d3-ease-1.0.7.tgz#9a834890ef8b8ae8c558b2fe55bd57f5993b85e2"
  integrity sha512-lx14ZPYkhNx0s/2HX5sLFUI3mbasHjSSpwO/KaaNACweVwxUruKyWVcb293wMv1RqTPZyZ8kSZ2NogUZNcLOFQ==

d3-format@1:
  version "1.4.5"
  resolved "https://registry.npmjs.org/d3-format/-/d3-format-1.4.5.tgz#374f2ba1320e3717eb74a9356c67daee17a7edb4"
  integrity sha512-J0piedu6Z8iB6TbIGfZgDzfXxUFN3qQRMofy2oPdXzQibYGqPB/9iMcxr/TGalU+2RsyDO+U4f33id8tbnSRMQ==

d3-geo-projection@2.9.0:
  version "2.9.0"
  resolved "https://registry.npmjs.org/d3-geo-projection/-/d3-geo-projection-2.9.0.tgz#826db62f748e8ecd67cd00aced4c26a236ec030c"
  integrity sha512-ZULvK/zBn87of5rWAfFMc9mJOipeSo57O+BBitsKIXmU4rTVAnX1kSsJkE0R+TxY8pGNoM1nbyRRE7GYHhdOEQ==
  dependencies:
    commander "2"
    d3-array "1"
    d3-geo "^1.12.0"
    resolve "^1.1.10"

d3-geo@^1.12.0, d3-geo@^1.12.1:
  version "1.12.1"
  resolved "https://registry.npmjs.org/d3-geo/-/d3-geo-1.12.1.tgz#7fc2ab7414b72e59fbcbd603e80d9adc029b035f"
  integrity sha512-XG4d1c/UJSEX9NfU02KwBL6BYPj8YKHxgBEw5om2ZnTRSbIcego6dhHwcxuSR3clxh0EpE38os1DVPOmnYtTPg==
  dependencies:
    d3-array "1"

d3-hierarchy@^1.1.9:
  version "1.1.9"
  resolved "https://registry.npmjs.org/d3-hierarchy/-/d3-hierarchy-1.1.9.tgz#2f6bee24caaea43f8dc37545fa01628559647a83"
  integrity sha512-j8tPxlqh1srJHAtxfvOUwKNYJkQuBFdM1+JAUfq6xqH5eAqf93L7oG1NVqDa4CpFZNvnNKtCYEUC8KY9yEn9lQ==

d3-interpolate@1:
  version "1.4.0"
  resolved "https://registry.npmjs.org/d3-interpolate/-/d3-interpolate-1.4.0.tgz#526e79e2d80daa383f9e0c1c1c7dcc0f0583e987"
  integrity sha512-V9znK0zc3jOPV4VD2zZn0sDhZU3WAE2bmlxdIwwQPPzPjvyLkd8B3JUVdS1IDUFDkWZ72c9qnv1GK2ZagTZ8EA==
  dependencies:
    d3-color "1"

d3-path@1:
  version "1.0.9"
  resolved "https://registry.npmjs.org/d3-path/-/d3-path-1.0.9.tgz#48c050bb1fe8c262493a8caf5524e3e9591701cf"
  integrity sha512-VLaYcn81dtHVTjEHd8B+pbe9yHWpXKZUC87PzoFmsFrJqgFwDe/qxfp5MlfsfM1V5E/iVt0MmEbWQ7FVIXh/bg==

d3-scale@^2.2.2:
  version "2.2.2"
  resolved "https://registry.npmjs.org/d3-scale/-/d3-scale-2.2.2.tgz#4e880e0b2745acaaddd3ede26a9e908a9e17b81f"
  integrity sha512-LbeEvGgIb8UMcAa0EATLNX0lelKWGYDQiPdHj+gLblGVhGLyNbaCn3EvrJf0A3Y/uOOU5aD6MTh5ZFCdEwGiCw==
  dependencies:
    d3-array "^1.2.0"
    d3-collection "1"
    d3-format "1"
    d3-interpolate "1"
    d3-time "1"
    d3-time-format "2"

d3-selection@^1.1.0, d3-selection@^1.4.2:
  version "1.4.2"
  resolved "https://registry.npmjs.org/d3-selection/-/d3-selection-1.4.2.tgz#dcaa49522c0dbf32d6c1858afc26b6094555bc5c"
  integrity sha512-SJ0BqYihzOjDnnlfyeHT0e30k0K1+5sR3d5fNueCNeuhZTnGw4M4o8mqJchSwgKMXCNFo+e2VTChiSJ0vYtXkg==

d3-shape@^1.3.7:
  version "1.3.7"
  resolved "https://registry.npmjs.org/d3-shape/-/d3-shape-1.3.7.tgz#df63801be07bc986bc54f63789b4fe502992b5d7"
  integrity sha512-EUkvKjqPFUAZyOlhY5gzCxCeI0Aep04LwIRpsZ/mLFelJiUfnK56jo5JMDSE7yyP2kLSb6LtF+S5chMk7uqPqw==
  dependencies:
    d3-path "1"

d3-time-format@2, d3-time-format@^2.3.0:
  version "2.3.0"
  resolved "https://registry.npmjs.org/d3-time-format/-/d3-time-format-2.3.0.tgz#107bdc028667788a8924ba040faf1fbccd5a7850"
  integrity sha512-guv6b2H37s2Uq/GefleCDtbe0XZAuy7Wa49VGkPVPMfLL9qObgBST3lEHJBMUp8S7NdLQAGIvr2KXk8Hc98iKQ==
  dependencies:
    d3-time "1"

d3-time@1, d3-time@^1.1.0:
  version "1.1.0"
  resolved "https://registry.npmjs.org/d3-time/-/d3-time-1.1.0.tgz#b1e19d307dae9c900b7e5b25ffc5dcc249a8a0f1"
  integrity sha512-Xh0isrZ5rPYYdqhAVk8VLnMEidhz5aP7htAADH6MfzgmmicPkTo8LhkLxci61/lCB7n7UmE3bN0leRt+qvkLxA==

d3-timer@1:
  version "1.0.10"
  resolved "https://registry.npmjs.org/d3-timer/-/d3-timer-1.0.10.tgz#dfe76b8a91748831b13b6d9c793ffbd508dd9de5"
  integrity sha512-B1JDm0XDaQC+uvo4DT79H0XmBskgS3l6Ve+1SBCfxgmtIb1AVrPIoqd+nPSv+loMX8szQ0sVUhGngL7D5QPiXw==

d3-transition@1.1.3:
  version "1.1.3"
  resolved "https://registry.npmjs.org/d3-transition/-/d3-transition-1.1.3.tgz#3a435b05ce9cef9524fe0d38121cfb6905331ca6"
  integrity sha512-tEvo3qOXL6pZ1EzcXxFcPNxC/Ygivu5NoBY6mbzidATAeML86da+JfVIUzon3dNM6UX6zjDx+xbYDmMVtTSjuA==
  dependencies:
    d3-color "1"
    d3-dispatch "1"
    d3-ease "1"
    d3-interpolate "1"
    d3-selection "^1.1.0"
    d3-timer "1"

entities@^4.5.0:
  version "4.5.0"
  resolved "https://registry.npmjs.org/entities/-/entities-4.5.0.tgz#5d268ea5e7113ec74c4d033b79ea5a35a488fb48"
  integrity sha512-V0hjH4dGPh9Ao5p0MoRY6BVqtwCjhz6vI5LT8AJ55H+4g9/4vbHx1I54fS0XuclLhDHArPQCiMjDxjaL8fPxhw==

estree-walker@^0.6.1:
  version "0.6.1"
  resolved "https://registry.npmjs.org/estree-walker/-/estree-walker-0.6.1.tgz#53049143f40c6eb918b23671d1fe3219f3a1b362"
  integrity sha512-SqmZANLWS0mnatqbSfRP5g8OXZC12Fgg1IwNtLsyHDzJizORW4khDfjPqJZsemPWBB2uqykUah5YpQ6epsqC/w==

estree-walker@^2.0.2:
  version "2.0.2"
  resolved "https://registry.npmjs.org/estree-walker/-/estree-walker-2.0.2.tgz#52f010178c2a4c117a7757cfe942adb7d2da4cac"
  integrity sha512-Rfkk/Mp/DL7JVje3u18FxFujQlTNR2q6QfMSMB7AvCBx91NGj/ba3kCfza0f6dVDbw7YlRf/nDrn7pQrCCyQ/w==

function-bind@^1.1.2:
  version "1.1.2"
  resolved "https://registry.npmjs.org/function-bind/-/function-bind-1.1.2.tgz#2c02d864d97f3ea6c8830c464cbd11ab6eab7a1c"
  integrity sha512-7XHNxH7qX9xG5mIwxkhumTox/MIRNcOgDrxWsMt2pAr23WHp6MrRlN7FBSFpCpr+oVO0F744iUgR82nJMfG2SA==

hasown@^2.0.0:
  version "2.0.1"
  resolved "https://registry.npmjs.org/hasown/-/hasown-2.0.1.tgz#26f48f039de2c0f8d3356c223fb8d50253519faa"
  integrity sha512-1/th4MHjnwncwXsIW6QMzlvYL9kG5e/CpVvLRZe4XPa8TOUNbCELqmvhDmnkNsAjwaG4+I8gJJL0JBvTTLO9qA==
  dependencies:
    function-bind "^1.1.2"

is-core-module@^2.13.0:
  version "2.13.1"
  resolved "https://registry.npmjs.org/is-core-module/-/is-core-module-2.13.1.tgz#ad0d7532c6fea9da1ebdc82742d74525c6273384"
  integrity sha512-hHrIjvZsftOsvKSn2TRYl63zvxsgE0K+0mYMoH6gD4omR5IWB2KynivBQczo3+wF1cCkjzvptnI9Q0sPU66ilw==
  dependencies:
    hasown "^2.0.0"

is-module@^1.0.0:
  version "1.0.0"
  resolved "https://registry.npmjs.org/is-module/-/is-module-1.0.0.tgz#3258fb69f78c14d5b815d664336b4cffb6441591"
  integrity sha512-51ypPSPCoTEIN9dy5Oy+h4pShgJmPCygKfyRCISBI+JoWT/2oJvK8QPxmwv7b/p239jXrm9M1mlQbyKJ5A152g==

magic-string@^0.30.6:
  version "0.30.7"
  resolved "https://registry.npmjs.org/magic-string/-/magic-string-0.30.7.tgz#0cecd0527d473298679da95a2d7aeb8c64048505"
  integrity sha512-8vBuFF/I/+OSLRmdf2wwFCJCz+nSn0m6DPvGH1fS/KiQoSaR+sETbov0eIk9KhEKy8CYqIkIAnbohxT/4H0kuA==
  dependencies:
    "@jridgewell/sourcemap-codec" "^1.4.15"

minimist@^1.2.6:
  version "1.2.8"
  resolved "https://registry.npmjs.org/minimist/-/minimist-1.2.8.tgz#c1a464e7693302e082a075cee0c057741ac4772c"
  integrity sha512-2yyAR8qBkN3YuheJanUpWC5U3bb5osDywNB8RzDVlDwDHbocAJveqqj1u8+SVD7jkWT4yvsHCpWqqWqAxb0zCA==

nanoid@^3.3.7:
  version "3.3.7"
  resolved "https://registry.npmjs.org/nanoid/-/nanoid-3.3.7.tgz#d0c301a691bc8d54efa0a2226ccf3fe2fd656bd8"
  integrity sha512-eSRppjcPIatRIMC1U6UngP8XFcz8MQWGQdt1MTBQ7NaAmvXDfvNxbvWV3x2y6CdEUciCSsDHDQZbhYaB8QEo2g==

path-parse@^1.0.7:
  version "1.0.7"
  resolved "https://registry.npmjs.org/path-parse/-/path-parse-1.0.7.tgz#fbc114b60ca42b30d9daf5858e4bd68bbedb6735"
  integrity sha512-LDJzPVEEEPR+y48z93A0Ed0yXb8pAByGWo/k5YYdYgpY2/2EsOsksJrq7lOHxryrVOn1ejG6oAp8ahvOIQD8sw==

picocolors@^1.0.0:
  version "1.0.0"
  resolved "https://registry.npmjs.org/picocolors/-/picocolors-1.0.0.tgz#cb5bdc74ff3f51892236eaf79d68bc44564ab81c"
  integrity sha512-1fygroTLlHu66zi26VoTDv8yRgm0Fccecssto+MhsZ0D/DGW2sm8E8AjW7NU5VVTRt5GxbeZ5qBuJr+HyLYkjQ==

postcss@^8.4.33:
  version "8.4.35"
  resolved "https://registry.npmjs.org/postcss/-/postcss-8.4.35.tgz#60997775689ce09011edf083a549cea44aabe2f7"
  integrity sha512-u5U8qYpBCpN13BsiEB0CbR1Hhh4Gc0zLFuedrHJKMctHCHAGrMdG0PRM/KErzAL3CU6/eckEtmHNB3x6e3c0vA==
  dependencies:
    nanoid "^3.3.7"
    picocolors "^1.0.0"
    source-map-js "^1.0.2"

resolve@^1.1.10, resolve@^1.11.1:
  version "1.22.8"
  resolved "https://registry.npmjs.org/resolve/-/resolve-1.22.8.tgz#b6c87a9f2aa06dfab52e3d70ac8cde321fa5a48d"
  integrity sha512-oKWePCxqpd6FlLvGV1VU0x7bkPmmCNolxzjMf4NczoDnQcIWrAF+cPtZn5i6n+RfD2d9i0tzpKnG6Yk168yIyw==
  dependencies:
    is-core-module "^2.13.0"
    path-parse "^1.0.7"
    supports-preserve-symlinks-flag "^1.0.0"

rollup-plugin-node-resolve@^5.2.0:
  version "5.2.0"
  resolved "https://registry.npmjs.org/rollup-plugin-node-resolve/-/rollup-plugin-node-resolve-5.2.0.tgz#730f93d10ed202473b1fb54a5997a7db8c6d8523"
  integrity sha512-jUlyaDXts7TW2CqQ4GaO5VJ4PwwaV8VUGA7+km3n6k6xtOEacf61u0VXwN80phY/evMcaS+9eIeJ9MOyDxt5Zw==
  dependencies:
    "@types/resolve" "0.0.8"
    builtin-modules "^3.1.0"
    is-module "^1.0.0"
    resolve "^1.11.1"
    rollup-pluginutils "^2.8.1"

rollup-pluginutils@^2.8.1:
  version "2.8.2"
  resolved "https://registry.npmjs.org/rollup-pluginutils/-/rollup-pluginutils-2.8.2.tgz#72f2af0748b592364dbd3389e600e5a9444a351e"
  integrity sha512-EEp9NhnUkwY8aif6bxgovPHMoMoNr2FulJziTndpt5H9RdwC47GSGuII9XxpSdzVGM0GWrNPHV6ie1LTNJPaLQ==
  dependencies:
    estree-walker "^0.6.1"

rollup@^1.21.2:
  version "1.32.1"
  resolved "https://registry.npmjs.org/rollup/-/rollup-1.32.1.tgz#4480e52d9d9e2ae4b46ba0d9ddeaf3163940f9c4"
  integrity sha512-/2HA0Ec70TvQnXdzynFffkjA6XN+1e2pEv/uKS5Ulca40g2L7KuOE3riasHoNVHOsFD5KKZgDsMk1CP3Tw9s+A==
  dependencies:
    "@types/estree" "*"
    "@types/node" "*"
    acorn "^7.1.0"

source-map-js@^1.0.2:
  version "1.0.2"
  resolved "https://registry.npmjs.org/source-map-js/-/source-map-js-1.0.2.tgz#adbc361d9c62df380125e7f161f71c826f1e490c"
  integrity sha512-R0XvVJ9WusLiqTCEiGCmICCMplcCkIwwR11mOSD9CR5u+IXYdiseeEuXCVAjS54zqwkLcPNnmU4OeJ6tUrWhDw==

supports-preserve-symlinks-flag@^1.0.0:
  version "1.0.0"
  resolved "https://registry.npmjs.org/supports-preserve-symlinks-flag/-/supports-preserve-symlinks-flag-1.0.0.tgz#6eda4bd344a3c94aea376d4cc31bc77311039e09"
  integrity sha512-ot0WnXS9fgdkgIcePe6RHNk1WA8+muPa6cSjeR3V8K27q9BB1rTE3R1p7Hv0z1ZyAc8s6Vvv8DIyWf681MAt0w==

topojson-client@3.1.0:
  version "3.1.0"
  resolved "https://registry.npmjs.org/topojson-client/-/topojson-client-3.1.0.tgz#22e8b1ed08a2b922feeb4af6f53b6ef09a467b99"
  integrity sha512-605uxS6bcYxGXw9qi62XyrV6Q3xwbndjachmNxu8HWTtVPxZfEJN9fd/SZS1Q54Sn2y0TMyMxFj/cJINqGHrKw==
  dependencies:
    commander "2"

typescript@^4.4.4:
  version "4.9.5"
  resolved "https://registry.npmjs.org/typescript/-/typescript-4.9.5.tgz#095979f9bcc0d09da324d58d03ce8f8374cbe65a"
  integrity sha512-1FXk9E2Hm+QzZQ7z+McJiHL4NW1F2EzMu9Nq9i3zAaGqibafqYwCVU6WyWAuyQRRzOlxou8xZSyXLEN8oKj24g==

undici-types@~5.26.4:
  version "5.26.5"
  resolved "https://registry.npmjs.org/undici-types/-/undici-types-5.26.5.tgz#bcd539893d00b56e964fd2657a4866b221a65617"
  integrity sha512-JlCMO+ehdEIKqlFxk6IfVoAUVmgz7cU7zD/h9XZ0qzeosSHmUJVOzSQvvYSYWXkFXC+IfLKSIffhv0sVZup6pA==

uuid@8.3.2:
  version "8.3.2"
  resolved "https://registry.npmjs.org/uuid/-/uuid-8.3.2.tgz#80d5b5ced271bb9af6c445f21a1a04c606cefbe2"
  integrity sha512-+NYs2QeMWy+GWFOEm9xnn6HCDp0l7QBD7ml8zLUmJ+93Q5NF0NocErnwkTkXVFNiX3/fpC6afS8Dhb/gz7R7eg==

vue@3:
  version "3.4.18"
  resolved "https://registry.npmjs.org/vue/-/vue-3.4.18.tgz#78dc26a3af616325dba6eb3156b87ec5e6d9b089"
  integrity sha512-0zLRYamFRe0wF4q2L3O24KQzLyLpL64ye1RUToOgOxuWZsb/FhaNRdGmeozdtVYLz6tl94OXLaK7/WQIrVCw1A==
  dependencies:
    "@vue/compiler-dom" "3.4.18"
    "@vue/compiler-sfc" "3.4.18"
    "@vue/runtime-dom" "3.4.18"
    "@vue/server-renderer" "3.4.18"
    "@vue/shared" "3.4.18"
