# THIS IS AN AUTOGENERATED FILE. DO NOT EDIT THIS FILE DIRECTLY.
# yarn lockfile v1


"@babel/runtime@^7.10.5", "@babel/runtime@^7.22.5":
  version "7.23.9"
  resolved "https://registry.npmjs.org/@babel/runtime/-/runtime-7.23.9.tgz#47791a15e4603bb5f905bc0753801cf21d6345f7"
  integrity sha512-0CX6F+BI2s9dkUqr08KFrAIZgNFj75rdBU/DjCyYLIaV/quFjkk6T+EJ2LkZHyZTbEV4L5p97mNkUsHl2wLFAw==
  dependencies:
    regenerator-runtime "^0.14.0"

"@visa/charts-types@^0.6.4":
  version "0.6.4"
  resolved "https://registry.npmjs.org/@visa/charts-types/-/charts-types-0.6.4.tgz#1861bd842b9666f0d49860f80009d4e1e6f6c7fb"
  integrity sha512-7zjDfHgc8LkDptc1BSL8vRIElKpxA0qxspeEiEbOlgdPt1zji3ihhdak/qemnQDP563B6tVH8aQ4EL9ls/2pgg==

"@visa/keyboard-instructions@^2.0.0":
  version "2.0.0"
  resolved "https://registry.npmjs.org/@visa/keyboard-instructions/-/keyboard-instructions-2.0.0.tgz#95750310532cf11ace3d52d283fd646ba1dd95c4"
  integrity sha512-8BqCKV3Xl9KhhIx1ixojlWaNtGDrD5+gBadSYjoUYH90hfPL6ie09ZtL/asSYW/YIVb7GOujlDK1Ptnl9Cv9+w==
  dependencies:
    "@visa/visa-charts-utils" "^5.4.0"

"@visa/visa-charts-data-table@^3.0.0":
  version "3.0.0"
  resolved "https://registry.npmjs.org/@visa/visa-charts-data-table/-/visa-charts-data-table-3.0.0.tgz#04433e068100108b0317d8bd2420506c25c85cf2"
  integrity sha512-kjX/yxrDP4a82s3A1UrHjHSFfDG4Mfi3hTuf1+U5qL63y0Z7iePw93Ysy7+ZiJVEtbB375fvJRhWtQ3o9GSFbQ==
  dependencies:
    "@visa/charts-types" "^0.6.4"
    "@visa/visa-charts-utils" "^5.4.0"
    d3-selection "^1.4.2"

"@visa/visa-charts-utils-dev@^4.1.4":
  version "4.1.4"
  resolved "https://registry.npmjs.org/@visa/visa-charts-utils-dev/-/visa-charts-utils-dev-4.1.4.tgz#2258e629eae01a5e68f2807a2503ea498abb965e"
  integrity sha512-EDawCgYyrFZk51mF0yD/pguPSCtJvunpXyI4YWj/TxctZOPX6szu9YNEfvy70KPlNXDs6Q9s7JdWcyxoBZWKQQ==
  dependencies:
    "@visa/charts-types" "^0.6.4"
    "@visa/visa-charts-utils" "^5.4.0"
    d3 "^4.13.0"
    d3-axis "^1.0.12"
    d3-color "^3.1.0"
    d3-ease "^1.0.7"
    d3-format "^1.4.5"
    d3-scale "^2.2.2"
    d3-selection "^1.4.2"
    d3-shape "^1.3.7"
    d3-svg-annotation "^2.5.1"
    d3-time-format "^2.3.0"
    d3-transition "1.1.3"

"@visa/visa-charts-utils@^5.4.0":
  version "5.4.0"
  resolved "https://registry.npmjs.org/@visa/visa-charts-utils/-/visa-charts-utils-5.4.0.tgz#f8435300cdaaf0484ec7caa7d1a74e428032fff9"
  integrity sha512-m74MMV/ePQPMjW2ytvEl1F/pMF5T/1DmnzjHv7sfHCUHVzJEiYE0IrXmbG7uEOSZ4sva22uNvBoKX04UKo9c+g==
  dependencies:
    d3 "^4.13.0"
    d3-axis "^1.0.12"
    d3-color "^3.1.0"
    d3-ease "^1.0.7"
    d3-format "^1.4.5"
    d3-scale "^2.2.2"
    d3-selection "^1.4.2"
    d3-shape "^1.3.7"
    d3-svg-annotation "^2.5.1"
    d3-time-format "^2.3.0"
    d3-transition "1.1.3"
    deep-keys "^0.5.0"
    i18next "23.5.1"
    vega-canvas "1.2.6"
    yup "^0.30.0"

commander@2:
  version "2.20.3"
  resolved "https://registry.npmjs.org/commander/-/commander-2.20.3.tgz#fd485e84c03eb4881c20722ba48035e8531aeb33"
  integrity sha512-GpVkmM8vF2vQUkj2LvZmD35JxeJOLCwJ9cUkugyk2nuhbv3+mJvpLYYt+0+USMxE+oj+ey/lJEnhZw75x/OMcQ==

d3-array@1, d3-array@1.2.1, d3-array@^1.2.0, d3-array@^3.2.4:
  version "3.2.4"
  resolved "https://registry.npmjs.org/d3-array/-/d3-array-3.2.4.tgz#15fec33b237f97ac5d7c986dc77da273a8ed0bb5"
  integrity sha512-tdQAmyA18i4J7wprpYq8ClcxZy3SC31QMeByyCFyRt7BVHdREQZ5lpzoe5mFEYZUWe+oq8HBvk9JjpibyEV4Jg==
  dependencies:
    internmap "1 - 2"

d3-axis@1.0.8:
  version "1.0.8"
  resolved "https://registry.npmjs.org/d3-axis/-/d3-axis-1.0.8.tgz#31a705a0b535e65759de14173a31933137f18efa"
  integrity sha512-K0djTb26iQ6AsuD2d6Ka08wBHf4V30awIxV4XFuB/iLzYtTqqJlE/nIN0DBJJCX7lbOqbt2/oeX3r+sU5k2veg==

d3-axis@^1.0.12:
  version "1.0.12"
  resolved "https://registry.npmjs.org/d3-axis/-/d3-axis-1.0.12.tgz#cdf20ba210cfbb43795af33756886fb3638daac9"
  integrity sha512-ejINPfPSNdGFKEOAtnBtdkpr24c4d4jsei6Lg98mxf424ivoDP2956/5HDpIAtmHo85lqT4pruy+zEgvRUBqaQ==

d3-brush@1.0.4:
  version "1.0.4"
  resolved "https://registry.npmjs.org/d3-brush/-/d3-brush-1.0.4.tgz#00c2f238019f24f6c0a194a26d41a1530ffe7bc4"
  integrity sha512-nUFueDzOlvwFvuOBynGSyJM7Wt1H9fKgJeoWFSg3ScS4c7FJBch92FKUJKum4xtgPYHdgH2C3bRg3GzSVltCJQ==
  dependencies:
    d3-dispatch "1"
    d3-drag "1"
    d3-interpolate "1"
    d3-selection "1"
    d3-transition "1"

d3-chord@1.0.4:
  version "1.0.4"
  resolved "https://registry.npmjs.org/d3-chord/-/d3-chord-1.0.4.tgz#7dec4f0ba886f713fe111c45f763414f6f74ca2c"
  integrity sha512-o0ExexkK1N0KikUakKrQwttP5Flu8AYD6iBUh3AdPJqnTh6xlvcX5wFRuuo29sLOAr9+T4yZPUH1S3CCQJ1SlQ==
  dependencies:
    d3-array "1"
    d3-path "1"

d3-collection@1:
  version "1.0.7"
  resolved "https://registry.npmjs.org/d3-collection/-/d3-collection-1.0.7.tgz#349bd2aa9977db071091c13144d5e4f16b5b310e"
  integrity sha512-ii0/r5f4sjKNTfh84Di+DpztYwqKhEyUlKoPrzUFfeSkWxjW49xU2QzO9qrPrNkpdI0XJkfzvmTu8V2Zylln6A==

d3-collection@1.0.4:
  version "1.0.4"
  resolved "https://registry.npmjs.org/d3-collection/-/d3-collection-1.0.4.tgz#342dfd12837c90974f33f1cc0a785aea570dcdc2"
  integrity sha512-+TPxaBFzbzfpLF3Hjz8JPeuStNmJnyWAufu8VUfpDCDn5RieIgY+OQDjhKMDorf2naLgAjjZXLUQN7XFp/kgog==

d3-color@1, d3-color@1.0.3, d3-color@^3.1.0:
  version "3.1.0"
  resolved "https://registry.npmjs.org/d3-color/-/d3-color-3.1.0.tgz#395b2833dfac71507f12ac2f7af23bf819de24e2"
  integrity sha512-zg/chbXyeBtMQ1LbD/WSoW2DpC3I0mpmPdW+ynRTj/x2DAWYrIY7qeZIHidozwV24m4iavr15lNwIwLxRmOxhA==

d3-dispatch@1:
  version "1.0.6"
  resolved "https://registry.npmjs.org/d3-dispatch/-/d3-dispatch-1.0.6.tgz#00d37bcee4dd8cd97729dd893a0ac29caaba5d58"
  integrity sha512-fVjoElzjhCEy+Hbn8KygnmMS7Or0a9sI2UzGwoB7cCtvI1XpVN9GpoYlnb3xt2YV66oXYb1fLJ8GMvP4hdU1RA==

d3-dispatch@1.0.2:
  version "1.0.2"
  resolved "https://registry.npmjs.org/d3-dispatch/-/d3-dispatch-1.0.2.tgz#5b511e79a46a1f89492841c0a8f656687d5daa0a"
  integrity sha512-Kr/bYOYhM/6g7V8BWuEpWA7OvoieYQxo98863SRRGZjSFjveJxl8KUlyA0d5uf02Ox+rmOzE/3zomhKfNk/ZDQ==

d3-dispatch@1.0.3:
  version "1.0.3"
  resolved "https://registry.npmjs.org/d3-dispatch/-/d3-dispatch-1.0.3.tgz#46e1491eaa9b58c358fce5be4e8bed626e7871f8"
  integrity sha512-Qh2DR3neW3lq/ug4oymXHYoIsA91nYt47ERb+fPKjRg6zLij06aP7KqHHl2NyziK9ASxrR3GLkHCtZvXe/jMVg==

d3-drag@1:
  version "1.2.5"
  resolved "https://registry.npmjs.org/d3-drag/-/d3-drag-1.2.5.tgz#2537f451acd39d31406677b7dc77c82f7d988f70"
  integrity sha512-rD1ohlkKQwMZYkQlYVCrSFxsWPzI97+W+PaEIBNTMxRuxz9RF0Hi5nJWHGVJ3Om9d2fRTe1yOBINJyy/ahV95w==
  dependencies:
    d3-dispatch "1"
    d3-selection "1"

d3-drag@1.2.1:
  version "1.2.1"
  resolved "https://registry.npmjs.org/d3-drag/-/d3-drag-1.2.1.tgz#df8dd4c502fb490fc7462046a8ad98a5c479282d"
  integrity sha512-Cg8/K2rTtzxzrb0fmnYOUeZHvwa4PHzwXOLZZPwtEs2SKLLKLXeYwZKBB+DlOxUvFmarOnmt//cU4+3US2lyyQ==
  dependencies:
    d3-dispatch "1"
    d3-selection "1"

d3-drag@1.2.3:
  version "1.2.3"
  resolved "https://registry.npmjs.org/d3-drag/-/d3-drag-1.2.3.tgz#46e206ad863ec465d88c588098a1df444cd33c64"
  integrity sha512-8S3HWCAg+ilzjJsNtWW1Mutl74Nmzhb9yU6igspilaJzeZVFktmY6oO9xOh5TDk+BM2KrNFjttZNoJJmDnkjkg==
  dependencies:
    d3-dispatch "1"
    d3-selection "1"

d3-dsv@1:
  version "1.2.0"
  resolved "https://registry.npmjs.org/d3-dsv/-/d3-dsv-1.2.0.tgz#9d5f75c3a5f8abd611f74d3f5847b0d4338b885c"
  integrity sha512-9yVlqvZcSOMhCYzniHE7EVUws7Fa1zgw+/EAV2BxJoG3ME19V6BQFBwI855XQDsxyOuG7NibqRMTtiF/Qup46g==
  dependencies:
    commander "2"
    iconv-lite "0.4"
    rw "1"

d3-dsv@1.0.8:
  version "1.0.8"
  resolved "https://registry.npmjs.org/d3-dsv/-/d3-dsv-1.0.8.tgz#907e240d57b386618dc56468bacfe76bf19764ae"
  integrity sha512-IVCJpQ+YGe3qu6odkPQI0KPqfxkhbP/oM1XhhE/DFiYmcXKfCRub4KXyiuehV1d4drjWVXHUWx4gHqhdZb6n/A==
  dependencies:
    commander "2"
    iconv-lite "0.4"
    rw "1"

d3-ease@1, d3-ease@^1.0.7:
  version "1.0.7"
  resolved "https://registry.npmjs.org/d3-ease/-/d3-ease-1.0.7.tgz#9a834890ef8b8ae8c558b2fe55bd57f5993b85e2"
  integrity sha512-lx14ZPYkhNx0s/2HX5sLFUI3mbasHjSSpwO/KaaNACweVwxUruKyWVcb293wMv1RqTPZyZ8kSZ2NogUZNcLOFQ==

d3-ease@1.0.3:
  version "1.0.3"
  resolved "https://registry.npmjs.org/d3-ease/-/d3-ease-1.0.3.tgz#68bfbc349338a380c44d8acc4fbc3304aa2d8c0e"
  integrity sha512-io3QwOJwVPAxRF2UXpKpCdz2wm/7VLFCQQ1yy+GzX6YCtt3vi2BGnimI8agSF5jyUrHsADyF303d2S+ps7zU8w==

d3-force@1.1.0:
  version "1.1.0"
  resolved "https://registry.npmjs.org/d3-force/-/d3-force-1.1.0.tgz#cebf3c694f1078fcc3d4daf8e567b2fbd70d4ea3"
  integrity sha512-2HVQz3/VCQs0QeRNZTYb7GxoUCeb6bOzMp/cGcLa87awY9ZsPvXOGeZm0iaGBjXic6I1ysKwMn+g+5jSAdzwcg==
  dependencies:
    d3-collection "1"
    d3-dispatch "1"
    d3-quadtree "1"
    d3-timer "1"

d3-format@1, d3-format@^1.4.5:
  version "1.4.5"
  resolved "https://registry.npmjs.org/d3-format/-/d3-format-1.4.5.tgz#374f2ba1320e3717eb74a9356c67daee17a7edb4"
  integrity sha512-J0piedu6Z8iB6TbIGfZgDzfXxUFN3qQRMofy2oPdXzQibYGqPB/9iMcxr/TGalU+2RsyDO+U4f33id8tbnSRMQ==

d3-format@1.2.2:
  version "1.2.2"
  resolved "https://registry.npmjs.org/d3-format/-/d3-format-1.2.2.tgz#1a39c479c8a57fe5051b2e67a3bee27061a74e7a"
  integrity sha512-zH9CfF/3C8zUI47nsiKfD0+AGDEuM8LwBIP7pBVpyR4l/sKkZqITmMtxRp04rwBrlshIZ17XeFAaovN3++wzkw==

d3-geo@1.9.1:
  version "1.9.1"
  resolved "https://registry.npmjs.org/d3-geo/-/d3-geo-1.9.1.tgz#157e3b0f917379d0f73bebfff3be537f49fa7356"
  integrity sha512-l9wL/cEQkyZQYXw3xbmLsH3eQ5ij+icNfo4r0GrLa5rOCZR/e/3am45IQ0FvQ5uMsv+77zBRunLc9ufTWSQYFA==
  dependencies:
    d3-array "1"

d3-hierarchy@1.1.5:
  version "1.1.5"
  resolved "https://registry.npmjs.org/d3-hierarchy/-/d3-hierarchy-1.1.5.tgz#a1c845c42f84a206bcf1c01c01098ea4ddaa7a26"
  integrity sha512-PcsLIhThc60mWnxlojIOH7Sc0tQ2DgLWfEwEAyzCtej5f3H9wSsRmrg5pEhKZLrwiJnI2zyw/pznJxL9a/Eugw==

d3-interpolate@1:
  version "1.4.0"
  resolved "https://registry.npmjs.org/d3-interpolate/-/d3-interpolate-1.4.0.tgz#526e79e2d80daa383f9e0c1c1c7dcc0f0583e987"
  integrity sha512-V9znK0zc3jOPV4VD2zZn0sDhZU3WAE2bmlxdIwwQPPzPjvyLkd8B3JUVdS1IDUFDkWZ72c9qnv1GK2ZagTZ8EA==
  dependencies:
    d3-color "1"

d3-interpolate@1.1.6:
  version "1.1.6"
  resolved "https://registry.npmjs.org/d3-interpolate/-/d3-interpolate-1.1.6.tgz#2cf395ae2381804df08aa1bf766b7f97b5f68fb6"
  integrity sha512-mOnv5a+pZzkNIHtw/V6I+w9Lqm9L5bG3OTXPM5A+QO0yyVMQ4W1uZhR+VOJmazaOZXri2ppbiZ5BUNWT0pFM9A==
  dependencies:
    d3-color "1"

d3-path@1:
  version "1.0.9"
  resolved "https://registry.npmjs.org/d3-path/-/d3-path-1.0.9.tgz#48c050bb1fe8c262493a8caf5524e3e9591701cf"
  integrity sha512-VLaYcn81dtHVTjEHd8B+pbe9yHWpXKZUC87PzoFmsFrJqgFwDe/qxfp5MlfsfM1V5E/iVt0MmEbWQ7FVIXh/bg==

d3-path@1.0.5:
  version "1.0.5"
  resolved "https://registry.npmjs.org/d3-path/-/d3-path-1.0.5.tgz#241eb1849bd9e9e8021c0d0a799f8a0e8e441764"
  integrity sha512-eD76prgnTKYkLzHlY2UMyOEZXTpC+WOanCr1BLxo38w4fPPPq/LgCFqRQvqFU3AJngfZmmKR7rgKPZ4EGJ9Atw==

d3-polygon@1.0.3:
  version "1.0.3"
  resolved "https://registry.npmjs.org/d3-polygon/-/d3-polygon-1.0.3.tgz#16888e9026460933f2b179652ad378224d382c62"
  integrity sha512-2zP7GOvf4XOWTeQouK7fCO534yQxyhYYTw6GTqcXifIalHgA6qV/es+4GRQii9m6XxEPFcht4loobD/o2iEo1A==

d3-quadtree@1:
  version "1.0.7"
  resolved "https://registry.npmjs.org/d3-quadtree/-/d3-quadtree-1.0.7.tgz#ca8b84df7bb53763fe3c2f24bd435137f4e53135"
  integrity sha512-RKPAeXnkC59IDGD0Wu5mANy0Q2V28L+fNe65pOCXVdVuTJS3WPKaJlFHer32Rbh9gIo9qMuJXio8ra4+YmIymA==

d3-quadtree@1.0.3:
  version "1.0.3"
  resolved "https://registry.npmjs.org/d3-quadtree/-/d3-quadtree-1.0.3.tgz#ac7987e3e23fe805a990f28e1b50d38fcb822438"
  integrity sha512-U2Jc3jF3JOBGXIOnvWY9C4ekRwRX9hEVpMMmeduJyaxAwPmoe7t84iZFTLn1RwYOyrXxJF55H/Hrg186TFQQdw==

d3-queue@3.0.7:
  version "3.0.7"
  resolved "https://registry.npmjs.org/d3-queue/-/d3-queue-3.0.7.tgz#c93a2e54b417c0959129d7d73f6cf7d4292e7618"
  integrity sha512-2rs+6pNFKkrJhqe1rg5znw7dKJ7KZr62j9aLZfhondkrnz6U7VRmJj1UGcbD8MRc46c7H8m4SWhab8EalBQrkw==

d3-random@1.1.0:
  version "1.1.0"
  resolved "https://registry.npmjs.org/d3-random/-/d3-random-1.1.0.tgz#6642e506c6fa3a648595d2b2469788a8d12529d3"
  integrity sha512-XuMbjx3Jq4EWfJP4g6nR7zns/bZfaVbWHWfR8auDkEiWCzVbWifmasfszV1ZRN3xXK3nY4RUFL2nTIhceGZSFQ==

d3-request@1.0.6:
  version "1.0.6"
  resolved "https://registry.npmjs.org/d3-request/-/d3-request-1.0.6.tgz#a1044a9ef4ec28c824171c9379fae6d79474b19f"
  integrity sha512-FJj8ySY6GYuAJHZMaCQ83xEYE4KbkPkmxZ3Hu6zA1xxG2GD+z6P+Lyp+zjdsHf0xEbp2xcluDI50rCS855EQ6w==
  dependencies:
    d3-collection "1"
    d3-dispatch "1"
    d3-dsv "1"
    xmlhttprequest "1"

d3-scale@1.0.7:
  version "1.0.7"
  resolved "https://registry.npmjs.org/d3-scale/-/d3-scale-1.0.7.tgz#fa90324b3ea8a776422bd0472afab0b252a0945d"
  integrity sha512-KvU92czp2/qse5tUfGms6Kjig0AhHOwkzXG0+PqIJB3ke0WUv088AHMZI0OssO9NCkXt4RP8yju9rpH8aGB7Lw==
  dependencies:
    d3-array "^1.2.0"
    d3-collection "1"
    d3-color "1"
    d3-format "1"
    d3-interpolate "1"
    d3-time "1"
    d3-time-format "2"

d3-scale@^2.2.2:
  version "2.2.2"
  resolved "https://registry.npmjs.org/d3-scale/-/d3-scale-2.2.2.tgz#4e880e0b2745acaaddd3ede26a9e908a9e17b81f"
  integrity sha512-LbeEvGgIb8UMcAa0EATLNX0lelKWGYDQiPdHj+gLblGVhGLyNbaCn3EvrJf0A3Y/uOOU5aD6MTh5ZFCdEwGiCw==
  dependencies:
    d3-array "^1.2.0"
    d3-collection "1"
    d3-format "1"
    d3-interpolate "1"
    d3-time "1"
    d3-time-format "2"

d3-selection@1, d3-selection@^1.1.0, d3-selection@^1.4.2:
  version "1.4.2"
  resolved "https://registry.npmjs.org/d3-selection/-/d3-selection-1.4.2.tgz#dcaa49522c0dbf32d6c1858afc26b6094555bc5c"
  integrity sha512-SJ0BqYihzOjDnnlfyeHT0e30k0K1+5sR3d5fNueCNeuhZTnGw4M4o8mqJchSwgKMXCNFo+e2VTChiSJ0vYtXkg==

d3-selection@1.3.0:
  version "1.3.0"
  resolved "https://registry.npmjs.org/d3-selection/-/d3-selection-1.3.0.tgz#d53772382d3dc4f7507bfb28bcd2d6aed2a0ad6d"
  integrity sha512-qgpUOg9tl5CirdqESUAu0t9MU/t3O9klYfGfyKsXEmhyxyzLpzpeh08gaxBUTQw1uXIOkr/30Ut2YRjSSxlmHA==

d3-selection@1.4.0:
  version "1.4.0"
  resolved "https://registry.npmjs.org/d3-selection/-/d3-selection-1.4.0.tgz#ab9ac1e664cf967ebf1b479cc07e28ce9908c474"
  integrity sha512-EYVwBxQGEjLCKF2pJ4+yrErskDnz5v403qvAid96cNdCMr8rmCYfY5RGzWz24mdIbxmDf6/4EAH+K9xperD5jg==

d3-shape@1.0.4:
  version "1.0.4"
  resolved "https://registry.npmjs.org/d3-shape/-/d3-shape-1.0.4.tgz#145ee100ccbec42f8e3f1996cd05c786f79fe1c6"
  integrity sha512-cfgoSGygKqHOG9n2rslAqeCdEK5RB7gKK5lihJi0zhU+Zksc5jEnkM7mmN+FCQO63Yl8QBOHcV3BxL+aNnmazw==
  dependencies:
    d3-path "1"

d3-shape@1.2.0:
  version "1.2.0"
  resolved "https://registry.npmjs.org/d3-shape/-/d3-shape-1.2.0.tgz#45d01538f064bafd05ea3d6d2cb748fd8c41f777"
  integrity sha512-LP48zJ9ykPKjCdd0vSu5k2l4s8v1vI6vvdDeJtmgtTa+L6Ery0lzvOaV7pMunFuLv11hwSRZQnSnlhFl801aiw==
  dependencies:
    d3-path "1"

d3-shape@^1.3.7:
  version "1.3.7"
  resolved "https://registry.npmjs.org/d3-shape/-/d3-shape-1.3.7.tgz#df63801be07bc986bc54f63789b4fe502992b5d7"
  integrity sha512-EUkvKjqPFUAZyOlhY5gzCxCeI0Aep04LwIRpsZ/mLFelJiUfnK56jo5JMDSE7yyP2kLSb6LtF+S5chMk7uqPqw==
  dependencies:
    d3-path "1"

d3-svg-annotation@^2.5.1:
  version "2.5.1"
  resolved "https://registry.npmjs.org/d3-svg-annotation/-/d3-svg-annotation-2.5.1.tgz#4771d4a2f0c7911442505d763795fecc725d8ce0"
  integrity sha512-PXW39bunDsn2K6uiCUlZ919fnC29o8oIDzNJtKvz6xOMeNv53LyNkucn40YjLherNCrlx5JGsyEtw/DZcjAa4Q==
  dependencies:
    d3-dispatch "1.0.2"
    d3-drag "1.2.3"
    d3-selection "1.4.0"
    d3-shape "1.0.4"
    d3-transition "1.0.3"

d3-time-format@2, d3-time-format@^2.3.0:
  version "2.3.0"
  resolved "https://registry.npmjs.org/d3-time-format/-/d3-time-format-2.3.0.tgz#107bdc028667788a8924ba040faf1fbccd5a7850"
  integrity sha512-guv6b2H37s2Uq/GefleCDtbe0XZAuy7Wa49VGkPVPMfLL9qObgBST3lEHJBMUp8S7NdLQAGIvr2KXk8Hc98iKQ==
  dependencies:
    d3-time "1"

d3-time-format@2.1.1:
  version "2.1.1"
  resolved "https://registry.npmjs.org/d3-time-format/-/d3-time-format-2.1.1.tgz#85b7cdfbc9ffca187f14d3c456ffda268081bb31"
  integrity sha512-8kAkymq2WMfzW7e+s/IUNAtN/y3gZXGRrdGfo6R8NKPAA85UBTxZg5E61bR6nLwjPjj4d3zywSQe1CkYLPFyrw==
  dependencies:
    d3-time "1"

d3-time@1:
  version "1.1.0"
  resolved "https://registry.npmjs.org/d3-time/-/d3-time-1.1.0.tgz#b1e19d307dae9c900b7e5b25ffc5dcc249a8a0f1"
  integrity sha512-Xh0isrZ5rPYYdqhAVk8VLnMEidhz5aP7htAADH6MfzgmmicPkTo8LhkLxci61/lCB7n7UmE3bN0leRt+qvkLxA==

d3-time@1.0.8:
  version "1.0.8"
  resolved "https://registry.npmjs.org/d3-time/-/d3-time-1.0.8.tgz#dbd2d6007bf416fe67a76d17947b784bffea1e84"
  integrity sha512-YRZkNhphZh3KcnBfitvF3c6E0JOFGikHZ4YqD+Lzv83ZHn1/u6yGenRU1m+KAk9J1GnZMnKcrtfvSktlA1DXNQ==

d3-timer@1:
  version "1.0.10"
  resolved "https://registry.npmjs.org/d3-timer/-/d3-timer-1.0.10.tgz#dfe76b8a91748831b13b6d9c793ffbd508dd9de5"
  integrity sha512-B1JDm0XDaQC+uvo4DT79H0XmBskgS3l6Ve+1SBCfxgmtIb1AVrPIoqd+nPSv+loMX8szQ0sVUhGngL7D5QPiXw==

d3-timer@1.0.7:
  version "1.0.7"
  resolved "https://registry.npmjs.org/d3-timer/-/d3-timer-1.0.7.tgz#df9650ca587f6c96607ff4e60cc38229e8dd8531"
  integrity sha512-vMZXR88XujmG/L5oB96NNKH5lCWwiLM/S2HyyAQLcjWJCloK5shxta4CwOFYLZoY3AWX73v8Lgv4cCAdWtRmOA==

d3-transition@1:
  version "1.3.2"
  resolved "https://registry.npmjs.org/d3-transition/-/d3-transition-1.3.2.tgz#a98ef2151be8d8600543434c1ca80140ae23b398"
  integrity sha512-sc0gRU4PFqZ47lPVHloMn9tlPcv8jxgOQg+0zjhfZXMQuvppjG6YuwdMBE0TuqCZjeJkLecku/l9R0JPcRhaDA==
  dependencies:
    d3-color "1"
    d3-dispatch "1"
    d3-ease "1"
    d3-interpolate "1"
    d3-selection "^1.1.0"
    d3-timer "1"

d3-transition@1.0.3:
  version "1.0.3"
  resolved "https://registry.npmjs.org/d3-transition/-/d3-transition-1.0.3.tgz#91dc986bddb30973639320a85db72ce4ab1a27bb"
  integrity sha512-Facxcbma0nA2GVrx7B/Mgnn5ju6SwUMzGa9YcYmQjpqmaIq1Zbp5vVJLjtH6b08Lu0vcX7O6a4z+AlLmdCxrCQ==
  dependencies:
    d3-color "1"
    d3-dispatch "1"
    d3-ease "1"
    d3-interpolate "1"
    d3-selection "1"
    d3-timer "1"

d3-transition@1.1.1:
  version "1.1.1"
  resolved "https://registry.npmjs.org/d3-transition/-/d3-transition-1.1.1.tgz#d8ef89c3b848735b060e54a39b32aaebaa421039"
  integrity sha512-xeg8oggyQ+y5eb4J13iDgKIjUcEfIOZs2BqV/eEmXm2twx80wTzJ4tB4vaZ5BKfz7XsI/DFmQL5me6O27/5ykQ==
  dependencies:
    d3-color "1"
    d3-dispatch "1"
    d3-ease "1"
    d3-interpolate "1"
    d3-selection "^1.1.0"
    d3-timer "1"

d3-transition@1.1.3:
  version "1.1.3"
  resolved "https://registry.npmjs.org/d3-transition/-/d3-transition-1.1.3.tgz#3a435b05ce9cef9524fe0d38121cfb6905331ca6"
  integrity sha512-tEvo3qOXL6pZ1EzcXxFcPNxC/Ygivu5NoBY6mbzidATAeML86da+JfVIUzon3dNM6UX6zjDx+xbYDmMVtTSjuA==
  dependencies:
    d3-color "1"
    d3-dispatch "1"
    d3-ease "1"
    d3-interpolate "1"
    d3-selection "^1.1.0"
    d3-timer "1"

d3-voronoi@1.1.2:
  version "1.1.2"
  resolved "https://registry.npmjs.org/d3-voronoi/-/d3-voronoi-1.1.2.tgz#1687667e8f13a2d158c80c1480c5a29cb0d8973c"
  integrity sha512-RhGS1u2vavcO7ay7ZNAPo4xeDh/VYeGof3x5ZLJBQgYhLegxr3s5IykvWmJ94FTU6mcbtp4sloqZ54mP6R4Utw==

d3-zoom@1.7.1:
  version "1.7.1"
  resolved "https://registry.npmjs.org/d3-zoom/-/d3-zoom-1.7.1.tgz#02f43b3c3e2db54f364582d7e4a236ccc5506b63"
  integrity sha512-sZHQ55DGq5BZBFGnRshUT8tm2sfhPHFnOlmPbbwTkAoPeVdRTkB4Xsf9GCY0TSHrTD8PeJPZGmP/TpGicwJDJQ==
  dependencies:
    d3-dispatch "1"
    d3-drag "1"
    d3-interpolate "1"
    d3-selection "1"
    d3-transition "1"

d3@^4.13.0:
  version "4.13.0"
  resolved "https://registry.npmjs.org/d3/-/d3-4.13.0.tgz#ab236ff8cf0cfc27a81e69bf2fb7518bc9b4f33d"
  integrity sha512-l8c4+0SldjVKLaE2WG++EQlqD7mh/dmQjvi2L2lKPadAVC+TbJC4ci7Uk9bRi+To0+ansgsS0iWfPjD7DBy+FQ==
  dependencies:
    d3-array "1.2.1"
    d3-axis "1.0.8"
    d3-brush "1.0.4"
    d3-chord "1.0.4"
    d3-collection "1.0.4"
    d3-color "1.0.3"
    d3-dispatch "1.0.3"
    d3-drag "1.2.1"
    d3-dsv "1.0.8"
    d3-ease "1.0.3"
    d3-force "1.1.0"
    d3-format "1.2.2"
    d3-geo "1.9.1"
    d3-hierarchy "1.1.5"
    d3-interpolate "1.1.6"
    d3-path "1.0.5"
    d3-polygon "1.0.3"
    d3-quadtree "1.0.3"
    d3-queue "3.0.7"
    d3-random "1.1.0"
    d3-request "1.0.6"
    d3-scale "1.0.7"
    d3-selection "1.3.0"
    d3-shape "1.2.0"
    d3-time "1.0.8"
    d3-time-format "2.1.1"
    d3-timer "1.0.7"
    d3-transition "1.1.1"
    d3-voronoi "1.1.2"
    d3-zoom "1.7.1"

deep-keys@^0.5.0:
  version "0.5.0"
  resolved "https://registry.npmjs.org/deep-keys/-/deep-keys-0.5.0.tgz#2e619990c585993c7d522cb85b2f69ac6756448e"
  integrity sha512-/80a4+9lbLj1hRxG0ULtEOGtbM4hN/5u1Vu6kc6ZkYePUq+ZhtboRIsWTVKplc2ET1xY2FMVwhyt46w9vPf9Rg==

i18next@23.5.1:
  version "23.5.1"
  resolved "https://registry.npmjs.org/i18next/-/i18next-23.5.1.tgz#7f7c35ffaa907618d9489f106d5006b09fbca3d3"
  integrity sha512-JelYzcaCoFDaa+Ysbfz2JsGAKkrHiMG6S61+HLBUEIPaF40WMwW9hCPymlQGrP+wWawKxKPuSuD71WZscCsWHg==
  dependencies:
    "@babel/runtime" "^7.22.5"

iconv-lite@0.4:
  version "0.4.24"
  resolved "https://registry.npmjs.org/iconv-lite/-/iconv-lite-0.4.24.tgz#2022b4b25fbddc21d2f524974a474aafe733908b"
  integrity sha512-v3MXnZAcvnywkTUEZomIActle7RXXeedOR31wwl7VlyoXO4Qi9arvSenNQWne1TcRwhCL1HwLI21bEqdpj8/rA==
  dependencies:
    safer-buffer ">= 2.1.2 < 3"

"internmap@1 - 2":
  version "2.0.3"
  resolved "https://registry.npmjs.org/internmap/-/internmap-2.0.3.tgz#6685f23755e43c524e251d29cbc97248e3061009"
  integrity sha512-5Hh7Y1wQbvY5ooGgPbDaL5iYLAPzMTUrjMulskHLH6wnv/A+1q5rgEaiuqEjB+oxGXIVZs1FF+R/KPN3ZSQYYg==

lodash-es@^4.17.11:
  version "4.17.21"
  resolved "https://registry.npmjs.org/lodash-es/-/lodash-es-4.17.21.tgz#43e626c46e6591b7750beb2b50117390c609e3ee"
  integrity sha512-mKnC+QJ9pWVzv+C4/U3rRsHapFfHvQFoFB92e52xeyGMcX6/OlIl78je1u8vePzYZSkkogMPJ2yjxxsb89cxyw==

lodash@^4.17.20:
  version "4.17.21"
  resolved "https://registry.npmjs.org/lodash/-/lodash-4.17.21.tgz#679591c564c3bffaae8454cf0b3df370c3d6911c"
  integrity sha512-v2kDEe57lecTulaDIuNTPy3Ry4gLGJ6Z1O3vE1krgXZNrsQ+LFTGHVxVjcXPs17LhbZVGedAJv8XZ1tvj5FvSg==

property-expr@^2.0.4:
  version "2.0.6"
  resolved "https://registry.npmjs.org/property-expr/-/property-expr-2.0.6.tgz#f77bc00d5928a6c748414ad12882e83f24aec1e8"
  integrity sha512-SVtmxhRE/CGkn3eZY1T6pC8Nln6Fr/lu1mKSgRud0eC73whjGfoAogbn78LkD8aFL0zz3bAFerKSnOl7NlErBA==

regenerator-runtime@^0.14.0:
  version "0.14.1"
  resolved "https://registry.npmjs.org/regenerator-runtime/-/regenerator-runtime-0.14.1.tgz#356ade10263f685dda125100cd862c1db895327f"
  integrity sha512-dYnhHh0nJoMfnkZs6GmmhFknAGRrLznOu5nc9ML+EJxGvrx6H7teuevqVqCuPcPK//3eDrrjQhehXVx9cnkGdw==

rw@1:
  version "1.3.3"
  resolved "https://registry.npmjs.org/rw/-/rw-1.3.3.tgz#3f862dfa91ab766b14885ef4d01124bfda074fb4"
  integrity sha512-PdhdWy89SiZogBLaw42zdeqtRJ//zFd2PgQavcICDUgJT5oW10QCRKbJ6bg4r0/UY2M6BWd5tkxuGFRvCkgfHQ==

"safer-buffer@>= 2.1.2 < 3":
  version "2.1.2"
  resolved "https://registry.npmjs.org/safer-buffer/-/safer-buffer-2.1.2.tgz#44fa161b0187b9549dd84bb91802f9bd8385cd6a"
  integrity sha512-YZo3K82SD7Riyi0E1EQPojLz7kpepnSQI9IyPbHHg1XXXevb5dJI7tpyN2ADxGcQbHG7vcyRHk0cbwqcQriUtg==

toposort@^2.0.2:
  version "2.0.2"
  resolved "https://registry.npmjs.org/toposort/-/toposort-2.0.2.tgz#ae21768175d1559d48bef35420b2f4962f09c330"
  integrity sha512-0a5EOkAUp8D4moMi2W8ZF8jcga7BgZd91O/yabJCFY8az+XSzeGyTKs0Aoo897iV1Nj6guFq8orWDS96z91oGg==

uuid@8.3.2:
  version "8.3.2"
  resolved "https://registry.npmjs.org/uuid/-/uuid-8.3.2.tgz#80d5b5ced271bb9af6c445f21a1a04c606cefbe2"
  integrity sha512-+NYs2QeMWy+GWFOEm9xnn6HCDp0l7QBD7ml8zLUmJ+93Q5NF0NocErnwkTkXVFNiX3/fpC6afS8Dhb/gz7R7eg==

vega-canvas@1.2.6:
  version "1.2.6"
  resolved "https://registry.npmjs.org/vega-canvas/-/vega-canvas-1.2.6.tgz#55e032ce9a62acd17229f6bac66d99db3d6879cd"
  integrity sha512-rgeYUpslYn/amIfnuv3Sw6n4BGns94OjjZNtUc9IDji6b+K8LGS/kW+Lvay8JX/oFqtulBp8RLcHN6QjqPLA9Q==

xmlhttprequest@1:
  version "1.8.0"
  resolved "https://registry.npmjs.org/xmlhttprequest/-/xmlhttprequest-1.8.0.tgz#67fe075c5c24fef39f9d65f5f7b7fe75171968fc"
  integrity sha512-58Im/U0mlVBLM38NdZjHyhuMtCqa61469k2YP/AaPbvCoV9aQGUpbJBj1QRm2ytRiVQBD/fsw7L2bJGDVQswBA==

yup@^0.30.0:
  version "0.30.0"
  resolved "https://registry.npmjs.org/yup/-/yup-0.30.0.tgz#427ee076abb1d7e01e747fb782801f7df252fb76"
  integrity sha512-GX3vqpC9E+Ow0fmQPgqbEg7UV40XRrN1IOEgKF5v04v6T4ha2vBas/hu0thWgewk8L4wUEBLRO/EnXwYyP+p+A==
  dependencies:
    "@babel/runtime" "^7.10.5"
    lodash "^4.17.20"
    lodash-es "^4.17.11"
    property-expr "^2.0.4"
    toposort "^2.0.2"
